// !$*UTF8*$!
{
	archiveVersion = 1;
	classes = {
	};
	objectVersion = 56;
	objects = {

/* Begin PBXBuildFile section */
		14DB9FDE291BED7D0021C1A5 /* iOS_SDK.docc in Sources */ = {isa = PBXBuildFile; fileRef = 14DB9FDD291BED7D0021C1A5 /* iOS_SDK.docc */; };
		14DB9FE4291BED7D0021C1A5 /* iOS_SDK.framework in Frameworks */ = {isa = PBXBuildFile; fileRef = 14DB9FD9291BED7D0021C1A5 /* iOS_SDK.framework */; };
		14DB9FE9291BED7D0021C1A5 /* iOS_SDKTests.swift in Sources */ = {isa = PBXBuildFile; fileRef = 14DB9FE8291BED7D0021C1A5 /* iOS_SDKTests.swift */; };
		14DB9FEA291BED7D0021C1A5 /* iOS_SDK.h in Headers */ = {isa = PBXBuildFile; fileRef = 14DB9FDC291BED7D0021C1A5 /* iOS_SDK.h */; settings = {ATTRIBUTES = (Public, ); }; };
		14DB9FFA291C19C30021C1A5 /* iOS_SDK_EXAMPLESApp.swift in Sources */ = {isa = PBXBuildFile; fileRef = 14DB9FF9291C19C30021C1A5 /* iOS_SDK_EXAMPLESApp.swift */; };
		14DB9FFC291C19C30021C1A5 /* ContentView.swift in Sources */ = {isa = PBXBuildFile; fileRef = 14DB9FFB291C19C30021C1A5 /* ContentView.swift */; };
		14DB9FFE291C19C40021C1A5 /* Assets.xcassets in Resources */ = {isa = PBXBuildFile; fileRef = 14DB9FFD291C19C40021C1A5 /* Assets.xcassets */; };
		14DBA001291C19C40021C1A5 /* Preview Assets.xcassets in Resources */ = {isa = PBXBuildFile; fileRef = 14DBA000291C19C40021C1A5 /* Preview Assets.xcassets */; };
/* End PBXBuildFile section */

/* Begin PBXContainerItemProxy section */
		14DB9FE5291BED7D0021C1A5 /* PBXContainerItemProxy */ = {
			isa = PBXContainerItemProxy;
			containerPortal = 14DB9FD0291BED7D0021C1A5 /* Project object */;
			proxyType = 1;
			remoteGlobalIDString = 14DB9FD8291BED7D0021C1A5;
			remoteInfo = "iOS-SDK";
		};
/* End PBXContainerItemProxy section */

/* Begin PBXFileReference section */
		14DB9FD9291BED7D0021C1A5 /* iOS_SDK.framework */ = {isa = PBXFileReference; explicitFileType = wrapper.framework; includeInIndex = 0; path = iOS_SDK.framework; sourceTree = BUILT_PRODUCTS_DIR; };
		14DB9FDC291BED7D0021C1A5 /* iOS_SDK.h */ = {isa = PBXFileReference; lastKnownFileType = sourcecode.c.h; path = iOS_SDK.h; sourceTree = "<group>"; };
		14DB9FDD291BED7D0021C1A5 /* iOS_SDK.docc */ = {isa = PBXFileReference; lastKnownFileType = folder.documentationcatalog; path = iOS_SDK.docc; sourceTree = "<group>"; };
		14DB9FE3291BED7D0021C1A5 /* iOS-SDKTests.xctest */ = {isa = PBXFileReference; explicitFileType = wrapper.cfbundle; includeInIndex = 0; path = "iOS-SDKTests.xctest"; sourceTree = BUILT_PRODUCTS_DIR; };
		14DB9FE8291BED7D0021C1A5 /* iOS_SDKTests.swift */ = {isa = PBXFileReference; lastKnownFileType = sourcecode.swift; path = iOS_SDKTests.swift; sourceTree = "<group>"; };
		14DB9FF7291C19C30021C1A5 /* iOS-SDK EXAMPLES.app */ = {isa = PBXFileReference; explicitFileType = wrapper.application; includeInIndex = 0; path = "iOS-SDK EXAMPLES.app"; sourceTree = BUILT_PRODUCTS_DIR; };
		14DB9FF9291C19C30021C1A5 /* iOS_SDK_EXAMPLESApp.swift */ = {isa = PBXFileReference; lastKnownFileType = sourcecode.swift; path = iOS_SDK_EXAMPLESApp.swift; sourceTree = "<group>"; };
		14DB9FFB291C19C30021C1A5 /* ContentView.swift */ = {isa = PBXFileReference; lastKnownFileType = sourcecode.swift; path = ContentView.swift; sourceTree = "<group>"; };
		14DB9FFD291C19C40021C1A5 /* Assets.xcassets */ = {isa = PBXFileReference; lastKnownFileType = folder.assetcatalog; path = Assets.xcassets; sourceTree = "<group>"; };
		14DBA000291C19C40021C1A5 /* Preview Assets.xcassets */ = {isa = PBXFileReference; lastKnownFileType = folder.assetcatalog; path = "Preview Assets.xcassets"; sourceTree = "<group>"; };
/* End PBXFileReference section */

/* Begin PBXFrameworksBuildPhase section */
		14DB9FD6291BED7D0021C1A5 /* Frameworks */ = {
			isa = PBXFrameworksBuildPhase;
			buildActionMask = 2147483647;
			files = (
			);
			runOnlyForDeploymentPostprocessing = 0;
		};
		14DB9FE0291BED7D0021C1A5 /* Frameworks */ = {
			isa = PBXFrameworksBuildPhase;
			buildActionMask = 2147483647;
			files = (
				14DB9FE4291BED7D0021C1A5 /* iOS_SDK.framework in Frameworks */,
			);
			runOnlyForDeploymentPostprocessing = 0;
		};
		14DB9FF4291C19C30021C1A5 /* Frameworks */ = {
			isa = PBXFrameworksBuildPhase;
			buildActionMask = 2147483647;
			files = (
			);
			runOnlyForDeploymentPostprocessing = 0;
		};
/* End PBXFrameworksBuildPhase section */

/* Begin PBXGroup section */
		14DB9FCF291BED7D0021C1A5 = {
			isa = PBXGroup;
			children = (
				14DB9FDB291BED7D0021C1A5 /* iOS-SDK */,
				14DB9FE7291BED7D0021C1A5 /* iOS-SDKTests */,
				14DB9FF8291C19C30021C1A5 /* iOS-SDK EXAMPLES */,
				14DB9FDA291BED7D0021C1A5 /* Products */,
			);
			sourceTree = "<group>";
		};
		14DB9FDA291BED7D0021C1A5 /* Products */ = {
			isa = PBXGroup;
			children = (
				14DB9FD9291BED7D0021C1A5 /* iOS_SDK.framework */,
				14DB9FE3291BED7D0021C1A5 /* iOS-SDKTests.xctest */,
				14DB9FF7291C19C30021C1A5 /* iOS-SDK EXAMPLES.app */,
			);
			name = Products;
			sourceTree = "<group>";
		};
		14DB9FDB291BED7D0021C1A5 /* iOS-SDK */ = {
			isa = PBXGroup;
			children = (
				14DB9FDC291BED7D0021C1A5 /* iOS_SDK.h */,
				14DB9FDD291BED7D0021C1A5 /* iOS_SDK.docc */,
			);
			path = "iOS-SDK";
			sourceTree = "<group>";
		};
		14DB9FE7291BED7D0021C1A5 /* iOS-SDKTests */ = {
			isa = PBXGroup;
			children = (
				14DB9FE8291BED7D0021C1A5 /* iOS_SDKTests.swift */,
			);
			path = "iOS-SDKTests";
			sourceTree = "<group>";
		};
		14DB9FF8291C19C30021C1A5 /* iOS-SDK EXAMPLES */ = {
			isa = PBXGroup;
			children = (
				14DB9FF9291C19C30021C1A5 /* iOS_SDK_EXAMPLESApp.swift */,
				14DB9FFB291C19C30021C1A5 /* ContentView.swift */,
				14DB9FFD291C19C40021C1A5 /* Assets.xcassets */,
				14DB9FFF291C19C40021C1A5 /* Preview Content */,
			);
			path = "iOS-SDK EXAMPLES";
			sourceTree = "<group>";
		};
		14DB9FFF291C19C40021C1A5 /* Preview Content */ = {
			isa = PBXGroup;
			children = (
				14DBA000291C19C40021C1A5 /* Preview Assets.xcassets */,
			);
			path = "Preview Content";
			sourceTree = "<group>";
		};
/* End PBXGroup section */

/* Begin PBXHeadersBuildPhase section */
		14DB9FD4291BED7D0021C1A5 /* Headers */ = {
			isa = PBXHeadersBuildPhase;
			buildActionMask = 2147483647;
			files = (
				14DB9FEA291BED7D0021C1A5 /* iOS_SDK.h in Headers */,
			);
			runOnlyForDeploymentPostprocessing = 0;
		};
/* End PBXHeadersBuildPhase section */

/* Begin PBXNativeTarget section */
		14DB9FD8291BED7D0021C1A5 /* iOS-SDK */ = {
			isa = PBXNativeTarget;
			buildConfigurationList = 14DB9FED291BED7D0021C1A5 /* Build configuration list for PBXNativeTarget "iOS-SDK" */;
			buildPhases = (
				14DB9FD4291BED7D0021C1A5 /* Headers */,
				14DB9FD5291BED7D0021C1A5 /* Sources */,
				14DB9FD6291BED7D0021C1A5 /* Frameworks */,
				14DB9FD7291BED7D0021C1A5 /* Resources */,
			);
			buildRules = (
			);
			dependencies = (
			);
			name = "iOS-SDK";
			productName = "iOS-SDK";
			productReference = 14DB9FD9291BED7D0021C1A5 /* iOS_SDK.framework */;
			productType = "com.apple.product-type.framework";
		};
		14DB9FE2291BED7D0021C1A5 /* iOS-SDKTests */ = {
			isa = PBXNativeTarget;
			buildConfigurationList = 14DB9FF0291BED7D0021C1A5 /* Build configuration list for PBXNativeTarget "iOS-SDKTests" */;
			buildPhases = (
				14DB9FDF291BED7D0021C1A5 /* Sources */,
				14DB9FE0291BED7D0021C1A5 /* Frameworks */,
				14DB9FE1291BED7D0021C1A5 /* Resources */,
			);
			buildRules = (
			);
			dependencies = (
				14DB9FE6291BED7D0021C1A5 /* PBXTargetDependency */,
			);
			name = "iOS-SDKTests";
			productName = "iOS-SDKTests";
			productReference = 14DB9FE3291BED7D0021C1A5 /* iOS-SDKTests.xctest */;
			productType = "com.apple.product-type.bundle.unit-test";
		};
		14DB9FF6291C19C30021C1A5 /* iOS-SDK EXAMPLES */ = {
			isa = PBXNativeTarget;
			buildConfigurationList = 14DBA002291C19C40021C1A5 /* Build configuration list for PBXNativeTarget "iOS-SDK EXAMPLES" */;
			buildPhases = (
				14DB9FF3291C19C30021C1A5 /* Sources */,
				14DB9FF4291C19C30021C1A5 /* Frameworks */,
				14DB9FF5291C19C30021C1A5 /* Resources */,
			);
			buildRules = (
			);
			dependencies = (
			);
			name = "iOS-SDK EXAMPLES";
			productName = "iOS-SDK EXAMPLES";
			productReference = 14DB9FF7291C19C30021C1A5 /* iOS-SDK EXAMPLES.app */;
			productType = "com.apple.product-type.application";
		};
/* End PBXNativeTarget section */

/* Begin PBXProject section */
		14DB9FD0291BED7D0021C1A5 /* Project object */ = {
			isa = PBXProject;
			attributes = {
				BuildIndependentTargetsInParallel = 1;
				LastSwiftUpdateCheck = 1410;
				LastUpgradeCheck = 1410;
				TargetAttributes = {
					14DB9FD8291BED7D0021C1A5 = {
						CreatedOnToolsVersion = 14.1;
					};
					14DB9FE2291BED7D0021C1A5 = {
						CreatedOnToolsVersion = 14.1;
					};
					14DB9FF6291C19C30021C1A5 = {
						CreatedOnToolsVersion = 14.1;
					};
				};
			};
			buildConfigurationList = 14DB9FD3291BED7D0021C1A5 /* Build configuration list for PBXProject "iOS-SDK" */;
			compatibilityVersion = "Xcode 14.0";
			developmentRegion = en;
			hasScannedForEncodings = 0;
			knownRegions = (
				en,
				Base,
			);
			mainGroup = 14DB9FCF291BED7D0021C1A5;
			productRefGroup = 14DB9FDA291BED7D0021C1A5 /* Products */;
			projectDirPath = "";
			projectRoot = "";
			targets = (
				14DB9FD8291BED7D0021C1A5 /* iOS-SDK */,
				14DB9FE2291BED7D0021C1A5 /* iOS-SDKTests */,
				14DB9FF6291C19C30021C1A5 /* iOS-SDK EXAMPLES */,
			);
		};
/* End PBXProject section */

/* Begin PBXResourcesBuildPhase section */
		14DB9FD7291BED7D0021C1A5 /* Resources */ = {
			isa = PBXResourcesBuildPhase;
			buildActionMask = 2147483647;
			files = (
			);
			runOnlyForDeploymentPostprocessing = 0;
		};
		14DB9FE1291BED7D0021C1A5 /* Resources */ = {
			isa = PBXResourcesBuildPhase;
			buildActionMask = 2147483647;
			files = (
			);
			runOnlyForDeploymentPostprocessing = 0;
		};
		14DB9FF5291C19C30021C1A5 /* Resources */ = {
			isa = PBXResourcesBuildPhase;
			buildActionMask = 2147483647;
			files = (
				14DBA001291C19C40021C1A5 /* Preview Assets.xcassets in Resources */,
				14DB9FFE291C19C40021C1A5 /* Assets.xcassets in Resources */,
			);
			runOnlyForDeploymentPostprocessing = 0;
		};
/* End PBXResourcesBuildPhase section */

/* Begin PBXSourcesBuildPhase section */
		14DB9FD5291BED7D0021C1A5 /* Sources */ = {
			isa = PBXSourcesBuildPhase;
			buildActionMask = 2147483647;
			files = (
				14DB9FDE291BED7D0021C1A5 /* iOS_SDK.docc in Sources */,
			);
			runOnlyForDeploymentPostprocessing = 0;
		};
		14DB9FDF291BED7D0021C1A5 /* Sources */ = {
			isa = PBXSourcesBuildPhase;
			buildActionMask = 2147483647;
			files = (
				14DB9FE9291BED7D0021C1A5 /* iOS_SDKTests.swift in Sources */,
			);
			runOnlyForDeploymentPostprocessing = 0;
		};
		14DB9FF3291C19C30021C1A5 /* Sources */ = {
			isa = PBXSourcesBuildPhase;
			buildActionMask = 2147483647;
			files = (
				14DB9FFC291C19C30021C1A5 /* ContentView.swift in Sources */,
				14DB9FFA291C19C30021C1A5 /* iOS_SDK_EXAMPLESApp.swift in Sources */,
			);
			runOnlyForDeploymentPostprocessing = 0;
		};
/* End PBXSourcesBuildPhase section */

/* Begin PBXTargetDependency section */
		14DB9FE6291BED7D0021C1A5 /* PBXTargetDependency */ = {
			isa = PBXTargetDependency;
			target = 14DB9FD8291BED7D0021C1A5 /* iOS-SDK */;
			targetProxy = 14DB9FE5291BED7D0021C1A5 /* PBXContainerItemProxy */;
		};
/* End PBXTargetDependency section */

/* Begin XCBuildConfiguration section */
		14DB9FEB291BED7D0021C1A5 /* Debug */ = {
			isa = XCBuildConfiguration;
			buildSettings = {
				ALWAYS_SEARCH_USER_PATHS = NO;
				CLANG_ANALYZER_NONNULL = YES;
				CLANG_ANALYZER_NUMBER_OBJECT_CONVERSION = YES_AGGRESSIVE;
				CLANG_CXX_LANGUAGE_STANDARD = "gnu++20";
				CLANG_ENABLE_MODULES = YES;
				CLANG_ENABLE_OBJC_ARC = YES;
				CLANG_ENABLE_OBJC_WEAK = YES;
				CLANG_WARN_BLOCK_CAPTURE_AUTORELEASING = YES;
				CLANG_WARN_BOOL_CONVERSION = YES;
				CLANG_WARN_COMMA = YES;
				CLANG_WARN_CONSTANT_CONVERSION = YES;
				CLANG_WARN_DEPRECATED_OBJC_IMPLEMENTATIONS = YES;
				CLANG_WARN_DIRECT_OBJC_ISA_USAGE = YES_ERROR;
				CLANG_WARN_DOCUMENTATION_COMMENTS = YES;
				CLANG_WARN_EMPTY_BODY = YES;
				CLANG_WARN_ENUM_CONVERSION = YES;
				CLANG_WARN_INFINITE_RECURSION = YES;
				CLANG_WARN_INT_CONVERSION = YES;
				CLANG_WARN_NON_LITERAL_NULL_CONVERSION = YES;
				CLANG_WARN_OBJC_IMPLICIT_RETAIN_SELF = YES;
				CLANG_WARN_OBJC_LITERAL_CONVERSION = YES;
				CLANG_WARN_OBJC_ROOT_CLASS = YES_ERROR;
				CLANG_WARN_QUOTED_INCLUDE_IN_FRAMEWORK_HEADER = YES;
				CLANG_WARN_RANGE_LOOP_ANALYSIS = YES;
				CLANG_WARN_STRICT_PROTOTYPES = YES;
				CLANG_WARN_SUSPICIOUS_MOVE = YES;
				CLANG_WARN_UNGUARDED_AVAILABILITY = YES_AGGRESSIVE;
				CLANG_WARN_UNREACHABLE_CODE = YES;
				CLANG_WARN__DUPLICATE_METHOD_MATCH = YES;
				COPY_PHASE_STRIP = NO;
				CURRENT_PROJECT_VERSION = 1;
				DEBUG_INFORMATION_FORMAT = dwarf;
				ENABLE_STRICT_OBJC_MSGSEND = YES;
				ENABLE_TESTABILITY = YES;
				GCC_C_LANGUAGE_STANDARD = gnu11;
				GCC_DYNAMIC_NO_PIC = NO;
				GCC_NO_COMMON_BLOCKS = YES;
				GCC_OPTIMIZATION_LEVEL = 0;
				GCC_PREPROCESSOR_DEFINITIONS = (
					"DEBUG=1",
					"$(inherited)",
				);
				GCC_WARN_64_TO_32_BIT_CONVERSION = YES;
				GCC_WARN_ABOUT_RETURN_TYPE = YES_ERROR;
				GCC_WARN_UNDECLARED_SELECTOR = YES;
				GCC_WARN_UNINITIALIZED_AUTOS = YES_AGGRESSIVE;
				GCC_WARN_UNUSED_FUNCTION = YES;
				GCC_WARN_UNUSED_VARIABLE = YES;
				MTL_ENABLE_DEBUG_INFO = INCLUDE_SOURCE;
				MTL_FAST_MATH = YES;
				ONLY_ACTIVE_ARCH = YES;
				SWIFT_ACTIVE_COMPILATION_CONDITIONS = DEBUG;
				SWIFT_OPTIMIZATION_LEVEL = "-Onone";
				VERSIONING_SYSTEM = "apple-generic";
				VERSION_INFO_PREFIX = "";
			};
			name = Debug;
		};
		14DB9FEC291BED7D0021C1A5 /* Release */ = {
			isa = XCBuildConfiguration;
			buildSettings = {
				ALWAYS_SEARCH_USER_PATHS = NO;
				CLANG_ANALYZER_NONNULL = YES;
				CLANG_ANALYZER_NUMBER_OBJECT_CONVERSION = YES_AGGRESSIVE;
				CLANG_CXX_LANGUAGE_STANDARD = "gnu++20";
				CLANG_ENABLE_MODULES = YES;
				CLANG_ENABLE_OBJC_ARC = YES;
				CLANG_ENABLE_OBJC_WEAK = YES;
				CLANG_WARN_BLOCK_CAPTURE_AUTORELEASING = YES;
				CLANG_WARN_BOOL_CONVERSION = YES;
				CLANG_WARN_COMMA = YES;
				CLANG_WARN_CONSTANT_CONVERSION = YES;
				CLANG_WARN_DEPRECATED_OBJC_IMPLEMENTATIONS = YES;
				CLANG_WARN_DIRECT_OBJC_ISA_USAGE = YES_ERROR;
				CLANG_WARN_DOCUMENTATION_COMMENTS = YES;
				CLANG_WARN_EMPTY_BODY = YES;
				CLANG_WARN_ENUM_CONVERSION = YES;
				CLANG_WARN_INFINITE_RECURSION = YES;
				CLANG_WARN_INT_CONVERSION = YES;
				CLANG_WARN_NON_LITERAL_NULL_CONVERSION = YES;
				CLANG_WARN_OBJC_IMPLICIT_RETAIN_SELF = YES;
				CLANG_WARN_OBJC_LITERAL_CONVERSION = YES;
				CLANG_WARN_OBJC_ROOT_CLASS = YES_ERROR;
				CLANG_WARN_QUOTED_INCLUDE_IN_FRAMEWORK_HEADER = YES;
				CLANG_WARN_RANGE_LOOP_ANALYSIS = YES;
				CLANG_WARN_STRICT_PROTOTYPES = YES;
				CLANG_WARN_SUSPICIOUS_MOVE = YES;
				CLANG_WARN_UNGUARDED_AVAILABILITY = YES_AGGRESSIVE;
				CLANG_WARN_UNREACHABLE_CODE = YES;
				CLANG_WARN__DUPLICATE_METHOD_MATCH = YES;
				COPY_PHASE_STRIP = NO;
				CURRENT_PROJECT_VERSION = 1;
				DEBUG_INFORMATION_FORMAT = "dwarf-with-dsym";
				ENABLE_NS_ASSERTIONS = NO;
				ENABLE_STRICT_OBJC_MSGSEND = YES;
				GCC_C_LANGUAGE_STANDARD = gnu11;
				GCC_NO_COMMON_BLOCKS = YES;
				GCC_WARN_64_TO_32_BIT_CONVERSION = YES;
				GCC_WARN_ABOUT_RETURN_TYPE = YES_ERROR;
				GCC_WARN_UNDECLARED_SELECTOR = YES;
				GCC_WARN_UNINITIALIZED_AUTOS = YES_AGGRESSIVE;
				GCC_WARN_UNUSED_FUNCTION = YES;
				GCC_WARN_UNUSED_VARIABLE = YES;
				MTL_ENABLE_DEBUG_INFO = NO;
				MTL_FAST_MATH = YES;
				SWIFT_COMPILATION_MODE = wholemodule;
				SWIFT_OPTIMIZATION_LEVEL = "-O";
				VERSIONING_SYSTEM = "apple-generic";
				VERSION_INFO_PREFIX = "";
			};
			name = Release;
		};
		14DB9FEE291BED7D0021C1A5 /* Debug */ = {
			isa = XCBuildConfiguration;
			buildSettings = {
				CODE_SIGN_STYLE = Automatic;
				CURRENT_PROJECT_VERSION = 1;
				DEFINES_MODULE = YES;
				DYLIB_COMPATIBILITY_VERSION = 1;
				DYLIB_CURRENT_VERSION = 1;
				DYLIB_INSTALL_NAME_BASE = "@rpath";
				GENERATE_INFOPLIST_FILE = YES;
				INFOPLIST_KEY_NSHumanReadableCopyright = "";
				INSTALL_PATH = "$(LOCAL_LIBRARY_DIR)/Frameworks";
				IPHONEOS_DEPLOYMENT_TARGET = 16.1;
				LD_RUNPATH_SEARCH_PATHS = (
					"@executable_path/Frameworks",
					"@loader_path/Frameworks",
				);
				"LD_RUNPATH_SEARCH_PATHS[sdk=macosx*]" = (
					"@executable_path/../Frameworks",
					"@loader_path/Frameworks",
				);
				MACOSX_DEPLOYMENT_TARGET = 12.6;
				MARKETING_VERSION = 1.0;
				PRODUCT_BUNDLE_IDENTIFIER = "Wannabe.iOS-SDK";
				PRODUCT_NAME = "$(TARGET_NAME:c99extidentifier)";
				SDKROOT = auto;
				SKIP_INSTALL = YES;
				SUPPORTED_PLATFORMS = "iphoneos iphonesimulator macosx";
				SWIFT_EMIT_LOC_STRINGS = YES;
				SWIFT_VERSION = 5.0;
				TARGETED_DEVICE_FAMILY = "1,2";
			};
			name = Debug;
		};
		14DB9FEF291BED7D0021C1A5 /* Release */ = {
			isa = XCBuildConfiguration;
			buildSettings = {
				CODE_SIGN_STYLE = Automatic;
				CURRENT_PROJECT_VERSION = 1;
				DEFINES_MODULE = YES;
				DYLIB_COMPATIBILITY_VERSION = 1;
				DYLIB_CURRENT_VERSION = 1;
				DYLIB_INSTALL_NAME_BASE = "@rpath";
				GENERATE_INFOPLIST_FILE = YES;
				INFOPLIST_KEY_NSHumanReadableCopyright = "";
				INSTALL_PATH = "$(LOCAL_LIBRARY_DIR)/Frameworks";
				IPHONEOS_DEPLOYMENT_TARGET = 16.1;
				LD_RUNPATH_SEARCH_PATHS = (
					"@executable_path/Frameworks",
					"@loader_path/Frameworks",
				);
				"LD_RUNPATH_SEARCH_PATHS[sdk=macosx*]" = (
					"@executable_path/../Frameworks",
					"@loader_path/Frameworks",
				);
				MACOSX_DEPLOYMENT_TARGET = 12.6;
				MARKETING_VERSION = 1.0;
				PRODUCT_BUNDLE_IDENTIFIER = "Wannabe.iOS-SDK";
				PRODUCT_NAME = "$(TARGET_NAME:c99extidentifier)";
				SDKROOT = auto;
				SKIP_INSTALL = YES;
				SUPPORTED_PLATFORMS = "iphoneos iphonesimulator macosx";
				SWIFT_EMIT_LOC_STRINGS = YES;
				SWIFT_VERSION = 5.0;
				TARGETED_DEVICE_FAMILY = "1,2";
			};
			name = Release;
		};
		14DB9FF1291BED7D0021C1A5 /* Debug */ = {
			isa = XCBuildConfiguration;
			buildSettings = {
				CODE_SIGN_STYLE = Automatic;
				CURRENT_PROJECT_VERSION = 1;
				GENERATE_INFOPLIST_FILE = YES;
				IPHONEOS_DEPLOYMENT_TARGET = 16.1;
				MACOSX_DEPLOYMENT_TARGET = 12.6;
				MARKETING_VERSION = 1.0;
				PRODUCT_BUNDLE_IDENTIFIER = "Wannabe.iOS-SDKTests";
				PRODUCT_NAME = "$(TARGET_NAME)";
				SDKROOT = auto;
				SUPPORTED_PLATFORMS = "iphoneos iphonesimulator macosx";
				SWIFT_EMIT_LOC_STRINGS = NO;
				SWIFT_VERSION = 5.0;
				TARGETED_DEVICE_FAMILY = "1,2";
			};
			name = Debug;
		};
		14DB9FF2291BED7D0021C1A5 /* Release */ = {
			isa = XCBuildConfiguration;
			buildSettings = {
				CODE_SIGN_STYLE = Automatic;
				CURRENT_PROJECT_VERSION = 1;
				GENERATE_INFOPLIST_FILE = YES;
				IPHONEOS_DEPLOYMENT_TARGET = 16.1;
				MACOSX_DEPLOYMENT_TARGET = 12.6;
				MARKETING_VERSION = 1.0;
				PRODUCT_BUNDLE_IDENTIFIER = "Wannabe.iOS-SDKTests";
				PRODUCT_NAME = "$(TARGET_NAME)";
				SDKROOT = auto;
				SUPPORTED_PLATFORMS = "iphoneos iphonesimulator macosx";
				SWIFT_EMIT_LOC_STRINGS = NO;
				SWIFT_VERSION = 5.0;
				TARGETED_DEVICE_FAMILY = "1,2";
			};
			name = Release;
		};
		14DBA003291C19C40021C1A5 /* Debug */ = {
			isa = XCBuildConfiguration;
			buildSettings = {
				ASSETCATALOG_COMPILER_APPICON_NAME = AppIcon;
				ASSETCATALOG_COMPILER_GLOBAL_ACCENT_COLOR_NAME = AccentColor;
				CODE_SIGN_STYLE = Automatic;
				CURRENT_PROJECT_VERSION = 1;
				DEVELOPMENT_ASSET_PATHS = "\"iOS-SDK EXAMPLES/Preview Content\"";
				ENABLE_PREVIEWS = YES;
				GENERATE_INFOPLIST_FILE = YES;
				INFOPLIST_KEY_UIApplicationSceneManifest_Generation = YES;
				INFOPLIST_KEY_UIApplicationSupportsIndirectInputEvents = YES;
				INFOPLIST_KEY_UILaunchScreen_Generation = YES;
				INFOPLIST_KEY_UISupportedInterfaceOrientations_iPad = "UIInterfaceOrientationPortrait UIInterfaceOrientationPortraitUpsideDown UIInterfaceOrientationLandscapeLeft UIInterfaceOrientationLandscapeRight";
				INFOPLIST_KEY_UISupportedInterfaceOrientations_iPhone = "UIInterfaceOrientationPortrait UIInterfaceOrientationLandscapeLeft UIInterfaceOrientationLandscapeRight";
				IPHONEOS_DEPLOYMENT_TARGET = 16.1;
				LD_RUNPATH_SEARCH_PATHS = (
					"$(inherited)",
					"@executable_path/Frameworks",
				);
				MARKETING_VERSION = 1.0;
				PRODUCT_BUNDLE_IDENTIFIER = "Wannabe.iOS-SDK-EXAMPLES";
				PRODUCT_NAME = "$(TARGET_NAME)";
				SDKROOT = iphoneos;
				SWIFT_EMIT_LOC_STRINGS = YES;
				SWIFT_VERSION = 5.0;
				TARGETED_DEVICE_FAMILY = "1,2";
			};
			name = Debug;
		};
		14DBA004291C19C40021C1A5 /* Release */ = {
			isa = XCBuildConfiguration;
			buildSettings = {
				ASSETCATALOG_COMPILER_APPICON_NAME = AppIcon;
				ASSETCATALOG_COMPILER_GLOBAL_ACCENT_COLOR_NAME = AccentColor;
				CODE_SIGN_STYLE = Automatic;
				CURRENT_PROJECT_VERSION = 1;
				DEVELOPMENT_ASSET_PATHS = "\"iOS-SDK EXAMPLES/Preview Content\"";
				ENABLE_PREVIEWS = YES;
				GENERATE_INFOPLIST_FILE = YES;
				INFOPLIST_KEY_UIApplicationSceneManifest_Generation = YES;
				INFOPLIST_KEY_UIApplicationSupportsIndirectInputEvents = YES;
				INFOPLIST_KEY_UILaunchScreen_Generation = YES;
				INFOPLIST_KEY_UISupportedInterfaceOrientations_iPad = "UIInterfaceOrientationPortrait UIInterfaceOrientationPortraitUpsideDown UIInterfaceOrientationLandscapeLeft UIInterfaceOrientationLandscapeRight";
				INFOPLIST_KEY_UISupportedInterfaceOrientations_iPhone = "UIInterfaceOrientationPortrait UIInterfaceOrientationLandscapeLeft UIInterfaceOrientationLandscapeRight";
				IPHONEOS_DEPLOYMENT_TARGET = 16.1;
				LD_RUNPATH_SEARCH_PATHS = (
					"$(inherited)",
					"@executable_path/Frameworks",
				);
				MARKETING_VERSION = 1.0;
				PRODUCT_BUNDLE_IDENTIFIER = "Wannabe.iOS-SDK-EXAMPLES";
				PRODUCT_NAME = "$(TARGET_NAME)";
				SDKROOT = iphoneos;
				SWIFT_EMIT_LOC_STRINGS = YES;
				SWIFT_VERSION = 5.0;
				TARGETED_DEVICE_FAMILY = "1,2";
				VALIDATE_PRODUCT = YES;
			};
			name = Release;
		};
/* End XCBuildConfiguration section */

/* Begin XCConfigurationList section */
		14DB9FD3291BED7D0021C1A5 /* Build configuration list for PBXProject "iOS-SDK" */ = {
			isa = XCConfigurationList;
			buildConfigurations = (
				14DB9FEB291BED7D0021C1A5 /* Debug */,
				14DB9FEC291BED7D0021C1A5 /* Release */,
			);
			defaultConfigurationIsVisible = 0;
			defaultConfigurationName = Release;
		};
		14DB9FED291BED7D0021C1A5 /* Build configuration list for PBXNativeTarget "iOS-SDK" */ = {
			isa = XCConfigurationList;
			buildConfigurations = (
				14DB9FEE291BED7D0021C1A5 /* Debug */,
				14DB9FEF291BED7D0021C1A5 /* Release */,
			);
			defaultConfigurationIsVisible = 0;
			defaultConfigurationName = Release;
		};
		14DB9FF0291BED7D0021C1A5 /* Build configuration list for PBXNativeTarget "iOS-SDKTests" */ = {
			isa = XCConfigurationList;
			buildConfigurations = (
				14DB9FF1291BED7D0021C1A5 /* Debug */,
				14DB9FF2291BED7D0021C1A5 /* Release */,
			);
			defaultConfigurationIsVisible = 0;
			defaultConfigurationName = Release;
		};
		14DBA002291C19C40021C1A5 /* Build configuration list for PBXNativeTarget "iOS-SDK EXAMPLES" */ = {
			isa = XCConfigurationList;
			buildConfigurations = (
				14DBA003291C19C40021C1A5 /* Debug */,
				14DBA004291C19C40021C1A5 /* Release */,
			);
			defaultConfigurationIsVisible = 0;
			defaultConfigurationName = Release;
		};
/* End XCConfigurationList section */
	};
	rootObject = 14DB9FD0291BED7D0021C1A5 /* Project object */;
}
