// !$*UTF8*$!
{
	archiveVersion = 1;
	classes = {
	};
	objectVersion = 56;
	objects = {

/* Begin PBXBuildFile section */
		14C6861C291A826D0023EBDA /* iOS_SDKApp.swift in Sources */ = {isa = PBXBuildFile; fileRef = 14C6861B291A826D0023EBDA /* iOS_SDKApp.swift */; };
		14C6861E291A826D0023EBDA /* ContentView.swift in Sources */ = {isa = PBXBuildFile; fileRef = 14C6861D291A826D0023EBDA /* ContentView.swift */; };
		14C68620291A826E0023EBDA /* Assets.xcassets in Resources */ = {isa = PBXBuildFile; fileRef = 14C6861F291A826E0023EBDA /* Assets.xcassets */; };
		14C68624291A826E0023EBDA /* Preview Assets.xcassets in Resources */ = {isa = PBXBuildFile; fileRef = 14C68623291A826E0023EBDA /* Preview Assets.xcassets */; };
		14C6862E291A826E0023EBDA /* iOS_SDKTests.swift in Sources */ = {isa = PBXBuildFile; fileRef = 14C6862D291A826E0023EBDA /* iOS_SDKTests.swift */; };
		14C68638291A826E0023EBDA /* iOS_SDKUITests.swift in Sources */ = {isa = PBXBuildFile; fileRef = 14C68637291A826E0023EBDA /* iOS_SDKUITests.swift */; };
		14C6863A291A826E0023EBDA /* iOS_SDKUITestsLaunchTests.swift in Sources */ = {isa = PBXBuildFile; fileRef = 14C68639291A826E0023EBDA /* iOS_SDKUITestsLaunchTests.swift */; };
/* End PBXBuildFile section */

/* Begin PBXContainerItemProxy section */
		14C6862A291A826E0023EBDA /* PBXContainerItemProxy */ = {
			isa = PBXContainerItemProxy;
			containerPortal = 14C68610291A826D0023EBDA /* Project object */;
			proxyType = 1;
			remoteGlobalIDString = 14C68617291A826D0023EBDA;
			remoteInfo = "iOS SDK";
		};
		14C68634291A826E0023EBDA /* PBXContainerItemProxy */ = {
			isa = PBXContainerItemProxy;
			containerPortal = 14C68610291A826D0023EBDA /* Project object */;
			proxyType = 1;
			remoteGlobalIDString = 14C68617291A826D0023EBDA;
			remoteInfo = "iOS SDK";
		};
/* End PBXContainerItemProxy section */

/* Begin PBXFileReference section */
		14C68618291A826D0023EBDA /* iOS SDK.app */ = {isa = PBXFileReference; explicitFileType = wrapper.application; includeInIndex = 0; path = "iOS SDK.app"; sourceTree = BUILT_PRODUCTS_DIR; };
		14C6861B291A826D0023EBDA /* iOS_SDKApp.swift */ = {isa = PBXFileReference; lastKnownFileType = sourcecode.swift; path = iOS_SDKApp.swift; sourceTree = "<group>"; };
		14C6861D291A826D0023EBDA /* ContentView.swift */ = {isa = PBXFileReference; lastKnownFileType = sourcecode.swift; path = ContentView.swift; sourceTree = "<group>"; };
		14C6861F291A826E0023EBDA /* Assets.xcassets */ = {isa = PBXFileReference; lastKnownFileType = folder.assetcatalog; path = Assets.xcassets; sourceTree = "<group>"; };
		14C68621291A826E0023EBDA /* iOS_SDK.entitlements */ = {isa = PBXFileReference; lastKnownFileType = text.plist.entitlements; path = iOS_SDK.entitlements; sourceTree = "<group>"; };
		14C68623291A826E0023EBDA /* Preview Assets.xcassets */ = {isa = PBXFileReference; lastKnownFileType = folder.assetcatalog; path = "Preview Assets.xcassets"; sourceTree = "<group>"; };
		14C68629291A826E0023EBDA /* iOS SDKTests.xctest */ = {isa = PBXFileReference; explicitFileType = wrapper.cfbundle; includeInIndex = 0; path = "iOS SDKTests.xctest"; sourceTree = BUILT_PRODUCTS_DIR; };
		14C6862D291A826E0023EBDA /* iOS_SDKTests.swift */ = {isa = PBXFileReference; lastKnownFileType = sourcecode.swift; path = iOS_SDKTests.swift; sourceTree = "<group>"; };
		14C68633291A826E0023EBDA /* iOS SDKUITests.xctest */ = {isa = PBXFileReference; explicitFileType = wrapper.cfbundle; includeInIndex = 0; path = "iOS SDKUITests.xctest"; sourceTree = BUILT_PRODUCTS_DIR; };
		14C68637291A826E0023EBDA /* iOS_SDKUITests.swift */ = {isa = PBXFileReference; lastKnownFileType = sourcecode.swift; path = iOS_SDKUITests.swift; sourceTree = "<group>"; };
		14C68639291A826E0023EBDA /* iOS_SDKUITestsLaunchTests.swift */ = {isa = PBXFileReference; lastKnownFileType = sourcecode.swift; path = iOS_SDKUITestsLaunchTests.swift; sourceTree = "<group>"; };
/* End PBXFileReference section */

/* Begin PBXFrameworksBuildPhase section */
		14C68615291A826D0023EBDA /* Frameworks */ = {
			isa = PBXFrameworksBuildPhase;
			buildActionMask = 2147483647;
			files = (
			);
			runOnlyForDeploymentPostprocessing = 0;
		};
		14C68626291A826E0023EBDA /* Frameworks */ = {
			isa = PBXFrameworksBuildPhase;
			buildActionMask = 2147483647;
			files = (
			);
			runOnlyForDeploymentPostprocessing = 0;
		};
		14C68630291A826E0023EBDA /* Frameworks */ = {
			isa = PBXFrameworksBuildPhase;
			buildActionMask = 2147483647;
			files = (
			);
			runOnlyForDeploymentPostprocessing = 0;
		};
/* End PBXFrameworksBuildPhase section */

/* Begin PBXGroup section */
		14C6860F291A826D0023EBDA = {
			isa = PBXGroup;
			children = (
				14C6861A291A826D0023EBDA /* iOS SDK */,
				14C6862C291A826E0023EBDA /* iOS SDKTests */,
				14C68636291A826E0023EBDA /* iOS SDKUITests */,
				14C68619291A826D0023EBDA /* Products */,
			);
			sourceTree = "<group>";
		};
		14C68619291A826D0023EBDA /* Products */ = {
			isa = PBXGroup;
			children = (
				14C68618291A826D0023EBDA /* iOS SDK.app */,
				14C68629291A826E0023EBDA /* iOS SDKTests.xctest */,
				14C68633291A826E0023EBDA /* iOS SDKUITests.xctest */,
			);
			name = Products;
			sourceTree = "<group>";
		};
		14C6861A291A826D0023EBDA /* iOS SDK */ = {
			isa = PBXGroup;
			children = (
				14C6861B291A826D0023EBDA /* iOS_SDKApp.swift */,
				14C6861D291A826D0023EBDA /* ContentView.swift */,
				14C6861F291A826E0023EBDA /* Assets.xcassets */,
				14C68621291A826E0023EBDA /* iOS_SDK.entitlements */,
				14C68622291A826E0023EBDA /* Preview Content */,
			);
			path = "iOS SDK";
			sourceTree = "<group>";
		};
		14C68622291A826E0023EBDA /* Preview Content */ = {
			isa = PBXGroup;
			children = (
				14C68623291A826E0023EBDA /* Preview Assets.xcassets */,
			);
			path = "Preview Content";
			sourceTree = "<group>";
		};
		14C6862C291A826E0023EBDA /* iOS SDKTests */ = {
			isa = PBXGroup;
			children = (
				14C6862D291A826E0023EBDA /* iOS_SDKTests.swift */,
			);
			path = "iOS SDKTests";
			sourceTree = "<group>";
		};
		14C68636291A826E0023EBDA /* iOS SDKUITests */ = {
			isa = PBXGroup;
			children = (
				14C68637291A826E0023EBDA /* iOS_SDKUITests.swift */,
				14C68639291A826E0023EBDA /* iOS_SDKUITestsLaunchTests.swift */,
			);
			path = "iOS SDKUITests";
			sourceTree = "<group>";
		};
/* End PBXGroup section */

/* Begin PBXNativeTarget section */
		14C68617291A826D0023EBDA /* iOS SDK */ = {
			isa = PBXNativeTarget;
			buildConfigurationList = 14C6863D291A826E0023EBDA /* Build configuration list for PBXNativeTarget "iOS SDK" */;
			buildPhases = (
				14C68614291A826D0023EBDA /* Sources */,
				14C68615291A826D0023EBDA /* Frameworks */,
				14C68616291A826D0023EBDA /* Resources */,
			);
			buildRules = (
			);
			dependencies = (
			);
			name = "iOS SDK";
			productName = "iOS SDK";
			productReference = 14C68618291A826D0023EBDA /* iOS SDK.app */;
			productType = "com.apple.product-type.application";
		};
		14C68628291A826E0023EBDA /* iOS SDKTests */ = {
			isa = PBXNativeTarget;
			buildConfigurationList = 14C68640291A826E0023EBDA /* Build configuration list for PBXNativeTarget "iOS SDKTests" */;
			buildPhases = (
				14C68625291A826E0023EBDA /* Sources */,
				14C68626291A826E0023EBDA /* Frameworks */,
				14C68627291A826E0023EBDA /* Resources */,
			);
			buildRules = (
			);
			dependencies = (
				14C6862B291A826E0023EBDA /* PBXTargetDependency */,
			);
			name = "iOS SDKTests";
			productName = "iOS SDKTests";
			productReference = 14C68629291A826E0023EBDA /* iOS SDKTests.xctest */;
			productType = "com.apple.product-type.bundle.unit-test";
		};
		14C68632291A826E0023EBDA /* iOS SDKUITests */ = {
			isa = PBXNativeTarget;
			buildConfigurationList = 14C68643291A826E0023EBDA /* Build configuration list for PBXNativeTarget "iOS SDKUITests" */;
			buildPhases = (
				14C6862F291A826E0023EBDA /* Sources */,
				14C68630291A826E0023EBDA /* Frameworks */,
				14C68631291A826E0023EBDA /* Resources */,
			);
			buildRules = (
			);
			dependencies = (
				14C68635291A826E0023EBDA /* PBXTargetDependency */,
			);
			name = "iOS SDKUITests";
			productName = "iOS SDKUITests";
			productReference = 14C68633291A826E0023EBDA /* iOS SDKUITests.xctest */;
			productType = "com.apple.product-type.bundle.ui-testing";
		};
/* End PBXNativeTarget section */

/* Begin PBXProject section */
		14C68610291A826D0023EBDA /* Project object */ = {
			isa = PBXProject;
			attributes = {
				BuildIndependentTargetsInParallel = 1;
				LastSwiftUpdateCheck = 1410;
				LastUpgradeCheck = 1410;
				TargetAttributes = {
					14C68617291A826D0023EBDA = {
						CreatedOnToolsVersion = 14.1;
					};
					14C68628291A826E0023EBDA = {
						CreatedOnToolsVersion = 14.1;
						TestTargetID = 14C68617291A826D0023EBDA;
					};
					14C68632291A826E0023EBDA = {
						CreatedOnToolsVersion = 14.1;
						TestTargetID = 14C68617291A826D0023EBDA;
					};
				};
			};
			buildConfigurationList = 14C68613291A826D0023EBDA /* Build configuration list for PBXProject "iOS SDK" */;
			compatibilityVersion = "Xcode 14.0";
			developmentRegion = en;
			hasScannedForEncodings = 0;
			knownRegions = (
				en,
				Base,
			);
			mainGroup = 14C6860F291A826D0023EBDA;
			productRefGroup = 14C68619291A826D0023EBDA /* Products */;
			projectDirPath = "";
			projectRoot = "";
			targets = (
				14C68617291A826D0023EBDA /* iOS SDK */,
				14C68628291A826E0023EBDA /* iOS SDKTests */,
				14C68632291A826E0023EBDA /* iOS SDKUITests */,
			);
		};
/* End PBXProject section */

/* Begin PBXResourcesBuildPhase section */
		14C68616291A826D0023EBDA /* Resources */ = {
			isa = PBXResourcesBuildPhase;
			buildActionMask = 2147483647;
			files = (
				14C68624291A826E0023EBDA /* Preview Assets.xcassets in Resources */,
				14C68620291A826E0023EBDA /* Assets.xcassets in Resources */,
			);
			runOnlyForDeploymentPostprocessing = 0;
		};
		14C68627291A826E0023EBDA /* Resources */ = {
			isa = PBXResourcesBuildPhase;
			buildActionMask = 2147483647;
			files = (
			);
			runOnlyForDeploymentPostprocessing = 0;
		};
		14C68631291A826E0023EBDA /* Resources */ = {
			isa = PBXResourcesBuildPhase;
			buildActionMask = 2147483647;
			files = (
			);
			runOnlyForDeploymentPostprocessing = 0;
		};
/* End PBXResourcesBuildPhase section */

/* Begin PBXSourcesBuildPhase section */
		14C68614291A826D0023EBDA /* Sources */ = {
			isa = PBXSourcesBuildPhase;
			buildActionMask = 2147483647;
			files = (
				14C6861E291A826D0023EBDA /* ContentView.swift in Sources */,
				14C6861C291A826D0023EBDA /* iOS_SDKApp.swift in Sources */,
			);
			runOnlyForDeploymentPostprocessing = 0;
		};
		14C68625291A826E0023EBDA /* Sources */ = {
			isa = PBXSourcesBuildPhase;
			buildActionMask = 2147483647;
			files = (
				14C6862E291A826E0023EBDA /* iOS_SDKTests.swift in Sources */,
			);
			runOnlyForDeploymentPostprocessing = 0;
		};
		14C6862F291A826E0023EBDA /* Sources */ = {
			isa = PBXSourcesBuildPhase;
			buildActionMask = 2147483647;
			files = (
				14C68638291A826E0023EBDA /* iOS_SDKUITests.swift in Sources */,
				14C6863A291A826E0023EBDA /* iOS_SDKUITestsLaunchTests.swift in Sources */,
			);
			runOnlyForDeploymentPostprocessing = 0;
		};
/* End PBXSourcesBuildPhase section */

/* Begin PBXTargetDependency section */
		14C6862B291A826E0023EBDA /* PBXTargetDependency */ = {
			isa = PBXTargetDependency;
			target = 14C68617291A826D0023EBDA /* iOS SDK */;
			targetProxy = 14C6862A291A826E0023EBDA /* PBXContainerItemProxy */;
		};
		14C68635291A826E0023EBDA /* PBXTargetDependency */ = {
			isa = PBXTargetDependency;
			target = 14C68617291A826D0023EBDA /* iOS SDK */;
			targetProxy = 14C68634291A826E0023EBDA /* PBXContainerItemProxy */;
		};
/* End PBXTargetDependency section */

/* Begin XCBuildConfiguration section */
		14C6863B291A826E0023EBDA /* Debug */ = {
			isa = XCBuildConfiguration;
			buildSettings = {
				ALWAYS_SEARCH_USER_PATHS = NO;
				CLANG_ANALYZER_NONNULL = YES;
				CLANG_ANALYZER_NUMBER_OBJECT_CONVERSION = YES_AGGRESSIVE;
				CLANG_CXX_LANGUAGE_STANDARD = "gnu++20";
				CLANG_ENABLE_MODULES = YES;
				CLANG_ENABLE_OBJC_ARC = YES;
				CLANG_ENABLE_OBJC_WEAK = YES;
				CLANG_WARN_BLOCK_CAPTURE_AUTORELEASING = YES;
				CLANG_WARN_BOOL_CONVERSION = YES;
				CLANG_WARN_COMMA = YES;
				CLANG_WARN_CONSTANT_CONVERSION = YES;
				CLANG_WARN_DEPRECATED_OBJC_IMPLEMENTATIONS = YES;
				CLANG_WARN_DIRECT_OBJC_ISA_USAGE = YES_ERROR;
				CLANG_WARN_DOCUMENTATION_COMMENTS = YES;
				CLANG_WARN_EMPTY_BODY = YES;
				CLANG_WARN_ENUM_CONVERSION = YES;
				CLANG_WARN_INFINITE_RECURSION = YES;
				CLANG_WARN_INT_CONVERSION = YES;
				CLANG_WARN_NON_LITERAL_NULL_CONVERSION = YES;
				CLANG_WARN_OBJC_IMPLICIT_RETAIN_SELF = YES;
				CLANG_WARN_OBJC_LITERAL_CONVERSION = YES;
				CLANG_WARN_OBJC_ROOT_CLASS = YES_ERROR;
				CLANG_WARN_QUOTED_INCLUDE_IN_FRAMEWORK_HEADER = YES;
				CLANG_WARN_RANGE_LOOP_ANALYSIS = YES;
				CLANG_WARN_STRICT_PROTOTYPES = YES;
				CLANG_WARN_SUSPICIOUS_MOVE = YES;
				CLANG_WARN_UNGUARDED_AVAILABILITY = YES_AGGRESSIVE;
				CLANG_WARN_UNREACHABLE_CODE = YES;
				CLANG_WARN__DUPLICATE_METHOD_MATCH = YES;
				COPY_PHASE_STRIP = NO;
				DEBUG_INFORMATION_FORMAT = dwarf;
				ENABLE_STRICT_OBJC_MSGSEND = YES;
				ENABLE_TESTABILITY = YES;
				GCC_C_LANGUAGE_STANDARD = gnu11;
				GCC_DYNAMIC_NO_PIC = NO;
				GCC_NO_COMMON_BLOCKS = YES;
				GCC_OPTIMIZATION_LEVEL = 0;
				GCC_PREPROCESSOR_DEFINITIONS = (
					"DEBUG=1",
					"$(inherited)",
				);
				GCC_WARN_64_TO_32_BIT_CONVERSION = YES;
				GCC_WARN_ABOUT_RETURN_TYPE = YES_ERROR;
				GCC_WARN_UNDECLARED_SELECTOR = YES;
				GCC_WARN_UNINITIALIZED_AUTOS = YES_AGGRESSIVE;
				GCC_WARN_UNUSED_FUNCTION = YES;
				GCC_WARN_UNUSED_VARIABLE = YES;
				MTL_ENABLE_DEBUG_INFO = INCLUDE_SOURCE;
				MTL_FAST_MATH = YES;
				ONLY_ACTIVE_ARCH = YES;
				SWIFT_ACTIVE_COMPILATION_CONDITIONS = DEBUG;
				SWIFT_OPTIMIZATION_LEVEL = "-Onone";
			};
			name = Debug;
		};
		14C6863C291A826E0023EBDA /* Release */ = {
			isa = XCBuildConfiguration;
			buildSettings = {
				ALWAYS_SEARCH_USER_PATHS = NO;
				CLANG_ANALYZER_NONNULL = YES;
				CLANG_ANALYZER_NUMBER_OBJECT_CONVERSION = YES_AGGRESSIVE;
				CLANG_CXX_LANGUAGE_STANDARD = "gnu++20";
				CLANG_ENABLE_MODULES = YES;
				CLANG_ENABLE_OBJC_ARC = YES;
				CLANG_ENABLE_OBJC_WEAK = YES;
				CLANG_WARN_BLOCK_CAPTURE_AUTORELEASING = YES;
				CLANG_WARN_BOOL_CONVERSION = YES;
				CLANG_WARN_COMMA = YES;
				CLANG_WARN_CONSTANT_CONVERSION = YES;
				CLANG_WARN_DEPRECATED_OBJC_IMPLEMENTATIONS = YES;
				CLANG_WARN_DIRECT_OBJC_ISA_USAGE = YES_ERROR;
				CLANG_WARN_DOCUMENTATION_COMMENTS = YES;
				CLANG_WARN_EMPTY_BODY = YES;
				CLANG_WARN_ENUM_CONVERSION = YES;
				CLANG_WARN_INFINITE_RECURSION = YES;
				CLANG_WARN_INT_CONVERSION = YES;
				CLANG_WARN_NON_LITERAL_NULL_CONVERSION = YES;
				CLANG_WARN_OBJC_IMPLICIT_RETAIN_SELF = YES;
				CLANG_WARN_OBJC_LITERAL_CONVERSION = YES;
				CLANG_WARN_OBJC_ROOT_CLASS = YES_ERROR;
				CLANG_WARN_QUOTED_INCLUDE_IN_FRAMEWORK_HEADER = YES;
				CLANG_WARN_RANGE_LOOP_ANALYSIS = YES;
				CLANG_WARN_STRICT_PROTOTYPES = YES;
				CLANG_WARN_SUSPICIOUS_MOVE = YES;
				CLANG_WARN_UNGUARDED_AVAILABILITY = YES_AGGRESSIVE;
				CLANG_WARN_UNREACHABLE_CODE = YES;
				CLANG_WARN__DUPLICATE_METHOD_MATCH = YES;
				COPY_PHASE_STRIP = NO;
				DEBUG_INFORMATION_FORMAT = "dwarf-with-dsym";
				ENABLE_NS_ASSERTIONS = NO;
				ENABLE_STRICT_OBJC_MSGSEND = YES;
				GCC_C_LANGUAGE_STANDARD = gnu11;
				GCC_NO_COMMON_BLOCKS = YES;
				GCC_WARN_64_TO_32_BIT_CONVERSION = YES;
				GCC_WARN_ABOUT_RETURN_TYPE = YES_ERROR;
				GCC_WARN_UNDECLARED_SELECTOR = YES;
				GCC_WARN_UNINITIALIZED_AUTOS = YES_AGGRESSIVE;
				GCC_WARN_UNUSED_FUNCTION = YES;
				GCC_WARN_UNUSED_VARIABLE = YES;
				MTL_ENABLE_DEBUG_INFO = NO;
				MTL_FAST_MATH = YES;
				SWIFT_COMPILATION_MODE = wholemodule;
				SWIFT_OPTIMIZATION_LEVEL = "-O";
			};
			name = Release;
		};
		14C6863E291A826E0023EBDA /* Debug */ = {
			isa = XCBuildConfiguration;
			buildSettings = {
				ASSETCATALOG_COMPILER_APPICON_NAME = AppIcon;
				ASSETCATALOG_COMPILER_GLOBAL_ACCENT_COLOR_NAME = AccentColor;
				CODE_SIGN_ENTITLEMENTS = "iOS SDK/iOS_SDK.entitlements";
				CODE_SIGN_STYLE = Automatic;
				CURRENT_PROJECT_VERSION = 1;
				DEVELOPMENT_ASSET_PATHS = "\"iOS SDK/Preview Content\"";
				ENABLE_PREVIEWS = YES;
				GENERATE_INFOPLIST_FILE = YES;
				"INFOPLIST_KEY_UIApplicationSceneManifest_Generation[sdk=iphoneos*]" = YES;
				"INFOPLIST_KEY_UIApplicationSceneManifest_Generation[sdk=iphonesimulator*]" = YES;
				"INFOPLIST_KEY_UIApplicationSupportsIndirectInputEvents[sdk=iphoneos*]" = YES;
				"INFOPLIST_KEY_UIApplicationSupportsIndirectInputEvents[sdk=iphonesimulator*]" = YES;
				"INFOPLIST_KEY_UILaunchScreen_Generation[sdk=iphoneos*]" = YES;
				"INFOPLIST_KEY_UILaunchScreen_Generation[sdk=iphonesimulator*]" = YES;
				"INFOPLIST_KEY_UIStatusBarStyle[sdk=iphoneos*]" = UIStatusBarStyleDefault;
				"INFOPLIST_KEY_UIStatusBarStyle[sdk=iphonesimulator*]" = UIStatusBarStyleDefault;
				INFOPLIST_KEY_UISupportedInterfaceOrientations_iPad = "UIInterfaceOrientationPortrait UIInterfaceOrientationPortraitUpsideDown UIInterfaceOrientationLandscapeLeft UIInterfaceOrientationLandscapeRight";
				INFOPLIST_KEY_UISupportedInterfaceOrientations_iPhone = "UIInterfaceOrientationPortrait UIInterfaceOrientationLandscapeLeft UIInterfaceOrientationLandscapeRight";
				IPHONEOS_DEPLOYMENT_TARGET = 16.1;
				LD_RUNPATH_SEARCH_PATHS = "@executable_path/Frameworks";
				"LD_RUNPATH_SEARCH_PATHS[sdk=macosx*]" = "@executable_path/../Frameworks";
				MACOSX_DEPLOYMENT_TARGET = 12.6;
				MARKETING_VERSION = 1.0;
				PRODUCT_BUNDLE_IDENTIFIER = "Wannabe.iOS-SDK";
				PRODUCT_NAME = "$(TARGET_NAME)";
				SDKROOT = auto;
				SUPPORTED_PLATFORMS = "iphoneos iphonesimulator macosx";
				SWIFT_EMIT_LOC_STRINGS = YES;
				SWIFT_VERSION = 5.0;
				TARGETED_DEVICE_FAMILY = "1,2";
			};
			name = Debug;
		};
		14C6863F291A826E0023EBDA /* Release */ = {
			isa = XCBuildConfiguration;
			buildSettings = {
				ASSETCATALOG_COMPILER_APPICON_NAME = AppIcon;
				ASSETCATALOG_COMPILER_GLOBAL_ACCENT_COLOR_NAME = AccentColor;
				CODE_SIGN_ENTITLEMENTS = "iOS SDK/iOS_SDK.entitlements";
				CODE_SIGN_STYLE = Automatic;
				CURRENT_PROJECT_VERSION = 1;
				DEVELOPMENT_ASSET_PATHS = "\"iOS SDK/Preview Content\"";
				ENABLE_PREVIEWS = YES;
				GENERATE_INFOPLIST_FILE = YES;
				"INFOPLIST_KEY_UIApplicationSceneManifest_Generation[sdk=iphoneos*]" = YES;
				"INFOPLIST_KEY_UIApplicationSceneManifest_Generation[sdk=iphonesimulator*]" = YES;
				"INFOPLIST_KEY_UIApplicationSupportsIndirectInputEvents[sdk=iphoneos*]" = YES;
				"INFOPLIST_KEY_UIApplicationSupportsIndirectInputEvents[sdk=iphonesimulator*]" = YES;
				"INFOPLIST_KEY_UILaunchScreen_Generation[sdk=iphoneos*]" = YES;
				"INFOPLIST_KEY_UILaunchScreen_Generation[sdk=iphonesimulator*]" = YES;
				"INFOPLIST_KEY_UIStatusBarStyle[sdk=iphoneos*]" = UIStatusBarStyleDefault;
				"INFOPLIST_KEY_UIStatusBarStyle[sdk=iphonesimulator*]" = UIStatusBarStyleDefault;
				INFOPLIST_KEY_UISupportedInterfaceOrientations_iPad = "UIInterfaceOrientationPortrait UIInterfaceOrientationPortraitUpsideDown UIInterfaceOrientationLandscapeLeft UIInterfaceOrientationLandscapeRight";
				INFOPLIST_KEY_UISupportedInterfaceOrientations_iPhone = "UIInterfaceOrientationPortrait UIInterfaceOrientationLandscapeLeft UIInterfaceOrientationLandscapeRight";
				IPHONEOS_DEPLOYMENT_TARGET = 16.1;
				LD_RUNPATH_SEARCH_PATHS = "@executable_path/Frameworks";
				"LD_RUNPATH_SEARCH_PATHS[sdk=macosx*]" = "@executable_path/../Frameworks";
				MACOSX_DEPLOYMENT_TARGET = 12.6;
				MARKETING_VERSION = 1.0;
				PRODUCT_BUNDLE_IDENTIFIER = "Wannabe.iOS-SDK";
				PRODUCT_NAME = "$(TARGET_NAME)";
				SDKROOT = auto;
				SUPPORTED_PLATFORMS = "iphoneos iphonesimulator macosx";
				SWIFT_EMIT_LOC_STRINGS = YES;
				SWIFT_VERSION = 5.0;
				TARGETED_DEVICE_FAMILY = "1,2";
			};
			name = Release;
		};
		14C68641291A826E0023EBDA /* Debug */ = {
			isa = XCBuildConfiguration;
			buildSettings = {
				ALWAYS_EMBED_SWIFT_STANDARD_LIBRARIES = YES;
				BUNDLE_LOADER = "$(TEST_HOST)";
				CODE_SIGN_STYLE = Automatic;
				CURRENT_PROJECT_VERSION = 1;
				GENERATE_INFOPLIST_FILE = YES;
				IPHONEOS_DEPLOYMENT_TARGET = 16.1;
				MACOSX_DEPLOYMENT_TARGET = 12.6;
				MARKETING_VERSION = 1.0;
				PRODUCT_BUNDLE_IDENTIFIER = "Wannabe.iOS-SDKTests";
				PRODUCT_NAME = "$(TARGET_NAME)";
				SDKROOT = auto;
				SUPPORTED_PLATFORMS = "iphoneos iphonesimulator macosx";
				SWIFT_EMIT_LOC_STRINGS = NO;
				SWIFT_VERSION = 5.0;
				TARGETED_DEVICE_FAMILY = "1,2";
				TEST_HOST = "$(BUILT_PRODUCTS_DIR)/iOS SDK.app/$(BUNDLE_EXECUTABLE_FOLDER_PATH)/iOS SDK";
			};
			name = Debug;
		};
		14C68642291A826E0023EBDA /* Release */ = {
			isa = XCBuildConfiguration;
			buildSettings = {
				ALWAYS_EMBED_SWIFT_STANDARD_LIBRARIES = YES;
				BUNDLE_LOADER = "$(TEST_HOST)";
				CODE_SIGN_STYLE = Automatic;
				CURRENT_PROJECT_VERSION = 1;
				GENERATE_INFOPLIST_FILE = YES;
				IPHONEOS_DEPLOYMENT_TARGET = 16.1;
				MACOSX_DEPLOYMENT_TARGET = 12.6;
				MARKETING_VERSION = 1.0;
				PRODUCT_BUNDLE_IDENTIFIER = "Wannabe.iOS-SDKTests";
				PRODUCT_NAME = "$(TARGET_NAME)";
				SDKROOT = auto;
				SUPPORTED_PLATFORMS = "iphoneos iphonesimulator macosx";
				SWIFT_EMIT_LOC_STRINGS = NO;
				SWIFT_VERSION = 5.0;
				TARGETED_DEVICE_FAMILY = "1,2";
				TEST_HOST = "$(BUILT_PRODUCTS_DIR)/iOS SDK.app/$(BUNDLE_EXECUTABLE_FOLDER_PATH)/iOS SDK";
			};
			name = Release;
		};
		14C68644291A826E0023EBDA /* Debug */ = {
			isa = XCBuildConfiguration;
			buildSettings = {
				ALWAYS_EMBED_SWIFT_STANDARD_LIBRARIES = YES;
				CODE_SIGN_STYLE = Automatic;
				CURRENT_PROJECT_VERSION = 1;
				GENERATE_INFOPLIST_FILE = YES;
				IPHONEOS_DEPLOYMENT_TARGET = 16.1;
				MACOSX_DEPLOYMENT_TARGET = 12.6;
				MARKETING_VERSION = 1.0;
				PRODUCT_BUNDLE_IDENTIFIER = "Wannabe.iOS-SDKUITests";
				PRODUCT_NAME = "$(TARGET_NAME)";
				SDKROOT = auto;
				SUPPORTED_PLATFORMS = "iphoneos iphonesimulator macosx";
				SWIFT_EMIT_LOC_STRINGS = NO;
				SWIFT_VERSION = 5.0;
				TARGETED_DEVICE_FAMILY = "1,2";
				TEST_TARGET_NAME = "iOS SDK";
			};
			name = Debug;
		};
		14C68645291A826E0023EBDA /* Release */ = {
			isa = XCBuildConfiguration;
			buildSettings = {
				ALWAYS_EMBED_SWIFT_STANDARD_LIBRARIES = YES;
				CODE_SIGN_STYLE = Automatic;
				CURRENT_PROJECT_VERSION = 1;
				GENERATE_INFOPLIST_FILE = YES;
				IPHONEOS_DEPLOYMENT_TARGET = 16.1;
				MACOSX_DEPLOYMENT_TARGET = 12.6;
				MARKETING_VERSION = 1.0;
				PRODUCT_BUNDLE_IDENTIFIER = "Wannabe.iOS-SDKUITests";
				PRODUCT_NAME = "$(TARGET_NAME)";
				SDKROOT = auto;
				SUPPORTED_PLATFORMS = "iphoneos iphonesimulator macosx";
				SWIFT_EMIT_LOC_STRINGS = NO;
				SWIFT_VERSION = 5.0;
				TARGETED_DEVICE_FAMILY = "1,2";
				TEST_TARGET_NAME = "iOS SDK";
			};
			name = Release;
		};
/* End XCBuildConfiguration section */

/* Begin XCConfigurationList section */
		14C68613291A826D0023EBDA /* Build configuration list for PBXProject "iOS SDK" */ = {
			isa = XCConfigurationList;
			buildConfigurations = (
				14C6863B291A826E0023EBDA /* Debug */,
				14C6863C291A826E0023EBDA /* Release */,
			);
			defaultConfigurationIsVisible = 0;
			defaultConfigurationName = Release;
		};
		14C6863D291A826E0023EBDA /* Build configuration list for PBXNativeTarget "iOS SDK" */ = {
			isa = XCConfigurationList;
			buildConfigurations = (
				14C6863E291A826E0023EBDA /* Debug */,
				14C6863F291A826E0023EBDA /* Release */,
			);
			defaultConfigurationIsVisible = 0;
			defaultConfigurationName = Release;
		};
		14C68640291A826E0023EBDA /* Build configuration list for PBXNativeTarget "iOS SDKTests" */ = {
			isa = XCConfigurationList;
			buildConfigurations = (
				14C68641291A826E0023EBDA /* Debug */,
				14C68642291A826E0023EBDA /* Release */,
			);
			defaultConfigurationIsVisible = 0;
			defaultConfigurationName = Release;
		};
		14C68643291A826E0023EBDA /* Build configuration list for PBXNativeTarget "iOS SDKUITests" */ = {
			isa = XCConfigurationList;
			buildConfigurations = (
				14C68644291A826E0023EBDA /* Debug */,
				14C68645291A826E0023EBDA /* Release */,
			);
			defaultConfigurationIsVisible = 0;
			defaultConfigurationName = Release;
		};
/* End XCConfigurationList section */
	};
	rootObject = 14C68610291A826D0023EBDA /* Project object */;
}
