// !$*UTF8*$!
{
	archiveVersion = 1;
	classes = {
	};
	objectVersion = 56;
	objects = {

/* Begin PBXBuildFile section */
		14089346292DA6150085F8ED /* WalletMetadataResponse.swift in Sources */ = {isa = PBXBuildFile; fileRef = 14089345292DA6150085F8ED /* WalletMetadataResponse.swift */; };
		1408934A292DA8500085F8ED /* App.swift in Sources */ = {isa = PBXBuildFile; fileRef = 14089349292DA8500085F8ED /* App.swift */; };
		1408934C292DAA250085F8ED /* HTTP.swift in Sources */ = {isa = PBXBuildFile; fileRef = 1408934B292DAA250085F8ED /* HTTP.swift */; };
		1408934E292DAA550085F8ED /* STXAddress.swift in Sources */ = {isa = PBXBuildFile; fileRef = 1408934D292DAA550085F8ED /* STXAddress.swift */; };
		141948892947AE1000E53510 /* NetworkResult.swift in Sources */ = {isa = PBXBuildFile; fileRef = 141948882947AE1000E53510 /* NetworkResult.swift */; };
		1419488B29485B6400E53510 /* LoginExample.swift in Sources */ = {isa = PBXBuildFile; fileRef = 1419488A29485B6400E53510 /* LoginExample.swift */; };
		1424F453292C19AF00AF0012 /* ContentView.swift in Sources */ = {isa = PBXBuildFile; fileRef = 1424F452292C19AF00AF0012 /* ContentView.swift */; };
		1424F455292C1D5C00AF0012 /* WebViewController.swift in Sources */ = {isa = PBXBuildFile; fileRef = 1424F454292C1D5C00AF0012 /* WebViewController.swift */; };
		1424F457292C240E00AF0012 /* AppDelegate.swift in Sources */ = {isa = PBXBuildFile; fileRef = 1424F456292C240E00AF0012 /* AppDelegate.swift */; };
		1424F460292CEA8900AF0012 /* WalletMetadata.swift in Sources */ = {isa = PBXBuildFile; fileRef = 1424F45F292CEA8900AF0012 /* WalletMetadata.swift */; };
		1424F462292CEAF300AF0012 /* UserDefaultsHandler.swift in Sources */ = {isa = PBXBuildFile; fileRef = 1424F461292CEAF300AF0012 /* UserDefaultsHandler.swift */; };
		1424F464292CEC9C00AF0012 /* Status.swift in Sources */ = {isa = PBXBuildFile; fileRef = 1424F463292CEC9C00AF0012 /* Status.swift */; };
		1424F469292CED6B00AF0012 /* Method.swift in Sources */ = {isa = PBXBuildFile; fileRef = 1424F468292CED6B00AF0012 /* Method.swift */; };
		1427EC78294911A900D48424 /* CryptoWannabeSDK.framework in Frameworks */ = {isa = PBXBuildFile; fileRef = 14DB9FD9291BED7D0021C1A5 /* CryptoWannabeSDK.framework */; };
		1427EC79294911A900D48424 /* CryptoWannabeSDK.framework in Embed Frameworks */ = {isa = PBXBuildFile; fileRef = 14DB9FD9291BED7D0021C1A5 /* CryptoWannabeSDK.framework */; settings = {ATTRIBUTES = (CodeSignOnCopy, RemoveHeadersOnCopy, ); }; };
		14305BCF294287CC003E5468 /* LoginService.swift in Sources */ = {isa = PBXBuildFile; fileRef = 14305BCE294287CC003E5468 /* LoginService.swift */; };
		1435350429395C2900CE8FC9 /* TokenService.swift in Sources */ = {isa = PBXBuildFile; fileRef = 1435350329395C2900CE8FC9 /* TokenService.swift */; };
		143535082939671D00CE8FC9 /* TokenResponse.swift in Sources */ = {isa = PBXBuildFile; fileRef = 143535072939671D00CE8FC9 /* TokenResponse.swift */; };
		1435350A2939672500CE8FC9 /* TokenDataModel.swift in Sources */ = {isa = PBXBuildFile; fileRef = 143535092939672500CE8FC9 /* TokenDataModel.swift */; };
		1436BBB22947446500870C8D /* LoginResponse.swift in Sources */ = {isa = PBXBuildFile; fileRef = 1436BBB12947446500870C8D /* LoginResponse.swift */; };
		144253FF29311964001C06FE /* WebView.swift in Sources */ = {isa = PBXBuildFile; fileRef = 144253FE29311964001C06FE /* WebView.swift */; };
		144CBBA5292F87AA000D43F1 /* WalletService.swift in Sources */ = {isa = PBXBuildFile; fileRef = 144CBBA4292F87AA000D43F1 /* WalletService.swift */; };
		14DB9FDE291BED7D0021C1A5 /* cryptoWannabeSDK.docc in Sources */ = {isa = PBXBuildFile; fileRef = 14DB9FDD291BED7D0021C1A5 /* cryptoWannabeSDK.docc */; };
		14DB9FE4291BED7D0021C1A5 /* CryptoWannabeSDK.framework in Frameworks */ = {isa = PBXBuildFile; fileRef = 14DB9FD9291BED7D0021C1A5 /* CryptoWannabeSDK.framework */; };
		14DB9FE9291BED7D0021C1A5 /* cryptoWannabeSDKTests.swift in Sources */ = {isa = PBXBuildFile; fileRef = 14DB9FE8291BED7D0021C1A5 /* cryptoWannabeSDKTests.swift */; };
		14DB9FEA291BED7D0021C1A5 /* cryptoWannabeSDK.h in Headers */ = {isa = PBXBuildFile; fileRef = 14DB9FDC291BED7D0021C1A5 /* cryptoWannabeSDK.h */; settings = {ATTRIBUTES = (Public, ); }; };
		14DB9FFA291C19C30021C1A5 /* cryptoWannabeSDK_EXAMPLESApp.swift in Sources */ = {isa = PBXBuildFile; fileRef = 14DB9FF9291C19C30021C1A5 /* cryptoWannabeSDK_EXAMPLESApp.swift */; };
		14DB9FFC291C19C30021C1A5 /* ContentView.swift in Sources */ = {isa = PBXBuildFile; fileRef = 14DB9FFB291C19C30021C1A5 /* ContentView.swift */; };
		14DB9FFE291C19C40021C1A5 /* Assets.xcassets in Resources */ = {isa = PBXBuildFile; fileRef = 14DB9FFD291C19C40021C1A5 /* Assets.xcassets */; };
		14DBA001291C19C40021C1A5 /* Preview Assets.xcassets in Resources */ = {isa = PBXBuildFile; fileRef = 14DBA000291C19C40021C1A5 /* Preview Assets.xcassets */; };
		14DBA006291C21400021C1A5 /* CryptoWannabeSDK.swift in Sources */ = {isa = PBXBuildFile; fileRef = 14DBA005291C21400021C1A5 /* CryptoWannabeSDK.swift */; };
		14FCABD6292CFC2900AD8B49 /* Profile.swift in Sources */ = {isa = PBXBuildFile; fileRef = 14FCABD5292CFC2900AD8B49 /* Profile.swift */; };
		14FCABD8292CFE8B00AD8B49 /* AppsMeta.swift in Sources */ = {isa = PBXBuildFile; fileRef = 14FCABD7292CFE8B00AD8B49 /* AppsMeta.swift */; };
/* End PBXBuildFile section */

/* Begin PBXContainerItemProxy section */
		1427EC762949105E00D48424 /* PBXContainerItemProxy */ = {
			isa = PBXContainerItemProxy;
			containerPortal = 14DB9FD0291BED7D0021C1A5 /* Project object */;
			proxyType = 1;
			remoteGlobalIDString = 14DB9FF6291C19C30021C1A5;
			remoteInfo = "CryptoWannabeSDK EXAMPLES";
		};
		1427EC7A294911A900D48424 /* PBXContainerItemProxy */ = {
			isa = PBXContainerItemProxy;
			containerPortal = 14DB9FD0291BED7D0021C1A5 /* Project object */;
			proxyType = 1;
			remoteGlobalIDString = 14DB9FD8291BED7D0021C1A5;
			remoteInfo = CryptoWannabeSDK;
		};
		14DB9FE5291BED7D0021C1A5 /* PBXContainerItemProxy */ = {
			isa = PBXContainerItemProxy;
			containerPortal = 14DB9FD0291BED7D0021C1A5 /* Project object */;
			proxyType = 1;
			remoteGlobalIDString = 14DB9FD8291BED7D0021C1A5;
			remoteInfo = "iOS-SDK";
		};
/* End PBXContainerItemProxy section */

/* Begin PBXCopyFilesBuildPhase section */
		1427EC7C294911A900D48424 /* Embed Frameworks */ = {
			isa = PBXCopyFilesBuildPhase;
			buildActionMask = 2147483647;
			dstPath = "";
			dstSubfolderSpec = 10;
			files = (
				1427EC79294911A900D48424 /* CryptoWannabeSDK.framework in Embed Frameworks */,
			);
			name = "Embed Frameworks";
			runOnlyForDeploymentPostprocessing = 0;
		};
/* End PBXCopyFilesBuildPhase section */

/* Begin PBXFileReference section */
		14089345292DA6150085F8ED /* WalletMetadataResponse.swift */ = {isa = PBXFileReference; lastKnownFileType = sourcecode.swift; path = WalletMetadataResponse.swift; sourceTree = "<group>"; };
		14089349292DA8500085F8ED /* App.swift */ = {isa = PBXFileReference; lastKnownFileType = sourcecode.swift; path = App.swift; sourceTree = "<group>"; };
		1408934B292DAA250085F8ED /* HTTP.swift */ = {isa = PBXFileReference; lastKnownFileType = sourcecode.swift; path = HTTP.swift; sourceTree = "<group>"; };
		1408934D292DAA550085F8ED /* STXAddress.swift */ = {isa = PBXFileReference; lastKnownFileType = sourcecode.swift; path = STXAddress.swift; sourceTree = "<group>"; };
		141948882947AE1000E53510 /* NetworkResult.swift */ = {isa = PBXFileReference; lastKnownFileType = sourcecode.swift; path = NetworkResult.swift; sourceTree = "<group>"; };
		1419488A29485B6400E53510 /* LoginExample.swift */ = {isa = PBXFileReference; lastKnownFileType = sourcecode.swift; path = LoginExample.swift; sourceTree = "<group>"; };
		1424F44B292C0B4F00AF0012 /* cryptoWannabeSDK EXAMPLES.entitlements */ = {isa = PBXFileReference; lastKnownFileType = text.plist.entitlements; path = "cryptoWannabeSDK EXAMPLES.entitlements"; sourceTree = "<group>"; };
		1424F452292C19AF00AF0012 /* ContentView.swift */ = {isa = PBXFileReference; lastKnownFileType = sourcecode.swift; path = ContentView.swift; sourceTree = "<group>"; };
		1424F454292C1D5C00AF0012 /* WebViewController.swift */ = {isa = PBXFileReference; lastKnownFileType = sourcecode.swift; path = WebViewController.swift; sourceTree = "<group>"; };
		1424F456292C240E00AF0012 /* AppDelegate.swift */ = {isa = PBXFileReference; lastKnownFileType = sourcecode.swift; path = AppDelegate.swift; sourceTree = "<group>"; };
		1424F45B292CE91100AF0012 /* UIKit.framework */ = {isa = PBXFileReference; lastKnownFileType = wrapper.framework; name = UIKit.framework; path = Platforms/iPhoneOS.platform/Developer/SDKs/iPhoneOS16.1.sdk/System/Library/Frameworks/UIKit.framework; sourceTree = DEVELOPER_DIR; };
		1424F45F292CEA8900AF0012 /* WalletMetadata.swift */ = {isa = PBXFileReference; lastKnownFileType = sourcecode.swift; path = WalletMetadata.swift; sourceTree = "<group>"; };
		1424F461292CEAF300AF0012 /* UserDefaultsHandler.swift */ = {isa = PBXFileReference; lastKnownFileType = sourcecode.swift; path = UserDefaultsHandler.swift; sourceTree = "<group>"; };
		1424F463292CEC9C00AF0012 /* Status.swift */ = {isa = PBXFileReference; lastKnownFileType = sourcecode.swift; path = Status.swift; sourceTree = "<group>"; };
		1424F468292CED6B00AF0012 /* Method.swift */ = {isa = PBXFileReference; lastKnownFileType = sourcecode.swift; path = Method.swift; sourceTree = "<group>"; };
		14305BCE294287CC003E5468 /* LoginService.swift */ = {isa = PBXFileReference; lastKnownFileType = sourcecode.swift; path = LoginService.swift; sourceTree = "<group>"; };
		1435350329395C2900CE8FC9 /* TokenService.swift */ = {isa = PBXFileReference; lastKnownFileType = sourcecode.swift; path = TokenService.swift; sourceTree = "<group>"; };
		143535072939671D00CE8FC9 /* TokenResponse.swift */ = {isa = PBXFileReference; lastKnownFileType = sourcecode.swift; path = TokenResponse.swift; sourceTree = "<group>"; };
		143535092939672500CE8FC9 /* TokenDataModel.swift */ = {isa = PBXFileReference; lastKnownFileType = sourcecode.swift; path = TokenDataModel.swift; sourceTree = "<group>"; };
		1436BBB12947446500870C8D /* LoginResponse.swift */ = {isa = PBXFileReference; lastKnownFileType = sourcecode.swift; path = LoginResponse.swift; sourceTree = "<group>"; };
		144253FE29311964001C06FE /* WebView.swift */ = {isa = PBXFileReference; lastKnownFileType = sourcecode.swift; path = WebView.swift; sourceTree = "<group>"; };
		144CBBA4292F87AA000D43F1 /* WalletService.swift */ = {isa = PBXFileReference; lastKnownFileType = sourcecode.swift; path = WalletService.swift; sourceTree = "<group>"; };
		14DB9FD9291BED7D0021C1A5 /* CryptoWannabeSDK.framework */ = {isa = PBXFileReference; explicitFileType = wrapper.framework; includeInIndex = 0; path = CryptoWannabeSDK.framework; sourceTree = BUILT_PRODUCTS_DIR; };
		14DB9FDC291BED7D0021C1A5 /* cryptoWannabeSDK.h */ = {isa = PBXFileReference; lastKnownFileType = sourcecode.c.h; path = cryptoWannabeSDK.h; sourceTree = "<group>"; };
		14DB9FDD291BED7D0021C1A5 /* cryptoWannabeSDK.docc */ = {isa = PBXFileReference; lastKnownFileType = folder.documentationcatalog; path = cryptoWannabeSDK.docc; sourceTree = "<group>"; };
		14DB9FE3291BED7D0021C1A5 /* CryptoWannabeSDKTests.xctest */ = {isa = PBXFileReference; explicitFileType = wrapper.cfbundle; includeInIndex = 0; path = CryptoWannabeSDKTests.xctest; sourceTree = BUILT_PRODUCTS_DIR; };
		14DB9FE8291BED7D0021C1A5 /* cryptoWannabeSDKTests.swift */ = {isa = PBXFileReference; lastKnownFileType = sourcecode.swift; path = cryptoWannabeSDKTests.swift; sourceTree = "<group>"; };
		14DB9FF7291C19C30021C1A5 /* CryptoWannabeSDK EXAMPLES.app */ = {isa = PBXFileReference; explicitFileType = wrapper.application; includeInIndex = 0; path = "CryptoWannabeSDK EXAMPLES.app"; sourceTree = BUILT_PRODUCTS_DIR; };
		14DB9FF9291C19C30021C1A5 /* cryptoWannabeSDK_EXAMPLESApp.swift */ = {isa = PBXFileReference; lastKnownFileType = sourcecode.swift; path = cryptoWannabeSDK_EXAMPLESApp.swift; sourceTree = "<group>"; };
		14DB9FFB291C19C30021C1A5 /* ContentView.swift */ = {isa = PBXFileReference; lastKnownFileType = sourcecode.swift; path = ContentView.swift; sourceTree = "<group>"; };
		14DB9FFD291C19C40021C1A5 /* Assets.xcassets */ = {isa = PBXFileReference; lastKnownFileType = folder.assetcatalog; path = Assets.xcassets; sourceTree = "<group>"; };
		14DBA000291C19C40021C1A5 /* Preview Assets.xcassets */ = {isa = PBXFileReference; lastKnownFileType = folder.assetcatalog; path = "Preview Assets.xcassets"; sourceTree = "<group>"; };
		14DBA005291C21400021C1A5 /* CryptoWannabeSDK.swift */ = {isa = PBXFileReference; lastKnownFileType = sourcecode.swift; path = CryptoWannabeSDK.swift; sourceTree = "<group>"; };
		14FCABD5292CFC2900AD8B49 /* Profile.swift */ = {isa = PBXFileReference; lastKnownFileType = sourcecode.swift; path = Profile.swift; sourceTree = "<group>"; };
		14FCABD7292CFE8B00AD8B49 /* AppsMeta.swift */ = {isa = PBXFileReference; lastKnownFileType = sourcecode.swift; path = AppsMeta.swift; sourceTree = "<group>"; };
/* End PBXFileReference section */

/* Begin PBXFrameworksBuildPhase section */
		14DB9FD6291BED7D0021C1A5 /* Frameworks */ = {
			isa = PBXFrameworksBuildPhase;
			buildActionMask = 2147483647;
			files = (
			);
			runOnlyForDeploymentPostprocessing = 0;
		};
		14DB9FE0291BED7D0021C1A5 /* Frameworks */ = {
			isa = PBXFrameworksBuildPhase;
			buildActionMask = 2147483647;
			files = (
				14DB9FE4291BED7D0021C1A5 /* CryptoWannabeSDK.framework in Frameworks */,
			);
			runOnlyForDeploymentPostprocessing = 0;
		};
		14DB9FF4291C19C30021C1A5 /* Frameworks */ = {
			isa = PBXFrameworksBuildPhase;
			buildActionMask = 2147483647;
			files = (
				1427EC78294911A900D48424 /* CryptoWannabeSDK.framework in Frameworks */,
			);
			runOnlyForDeploymentPostprocessing = 0;
		};
/* End PBXFrameworksBuildPhase section */

/* Begin PBXGroup section */
		1424F45A292CE91000AF0012 /* Frameworks */ = {
			isa = PBXGroup;
			children = (
				1424F45B292CE91100AF0012 /* UIKit.framework */,
			);
			name = Frameworks;
			sourceTree = "<group>";
		};
		1424F45E292CE9F900AF0012 /* Wallet */ = {
			isa = PBXGroup;
			children = (
				144253FB2930EC17001C06FE /* Controller */,
				143FBC2E2933C5D800335EBB /* Helper */,
				143FBC2D2933C5BC00335EBB /* Models */,
				1424F467292CED2F00AF0012 /* Server */,
			);
			path = Wallet;
			sourceTree = "<group>";
		};
		1424F467292CED2F00AF0012 /* Server */ = {
			isa = PBXGroup;
			children = (
				144CBBA4292F87AA000D43F1 /* WalletService.swift */,
				1435350329395C2900CE8FC9 /* TokenService.swift */,
				14305BCE294287CC003E5468 /* LoginService.swift */,
			);
			path = Server;
			sourceTree = "<group>";
		};
		142ED35D293708D000803A85 /* Profile Model */ = {
			isa = PBXGroup;
			children = (
				14089349292DA8500085F8ED /* App.swift */,
				14FCABD7292CFE8B00AD8B49 /* AppsMeta.swift */,
				1408934D292DAA550085F8ED /* STXAddress.swift */,
				1408934B292DAA250085F8ED /* HTTP.swift */,
			);
			path = "Profile Model";
			sourceTree = "<group>";
		};
		143535052939659100CE8FC9 /* Response */ = {
			isa = PBXGroup;
			children = (
				14089345292DA6150085F8ED /* WalletMetadataResponse.swift */,
				1424F463292CEC9C00AF0012 /* Status.swift */,
				1424F468292CED6B00AF0012 /* Method.swift */,
				1424F45F292CEA8900AF0012 /* WalletMetadata.swift */,
				14FCABD4292CFBFB00AD8B49 /* MetaData */,
			);
			path = Response;
			sourceTree = "<group>";
		};
		143535062939670100CE8FC9 /* Token */ = {
			isa = PBXGroup;
			children = (
				143535072939671D00CE8FC9 /* TokenResponse.swift */,
				143535092939672500CE8FC9 /* TokenDataModel.swift */,
			);
			path = Token;
			sourceTree = "<group>";
		};
		1436BBB02947445000870C8D /* Login */ = {
			isa = PBXGroup;
			children = (
				1436BBB12947446500870C8D /* LoginResponse.swift */,
				141948882947AE1000E53510 /* NetworkResult.swift */,
				1419488A29485B6400E53510 /* LoginExample.swift */,
			);
			path = Login;
			sourceTree = "<group>";
		};
		143FBC2D2933C5BC00335EBB /* Models */ = {
			isa = PBXGroup;
			children = (
				1436BBB02947445000870C8D /* Login */,
				143535062939670100CE8FC9 /* Token */,
				143535052939659100CE8FC9 /* Response */,
			);
			path = Models;
			sourceTree = "<group>";
		};
		143FBC2E2933C5D800335EBB /* Helper */ = {
			isa = PBXGroup;
			children = (
				1424F461292CEAF300AF0012 /* UserDefaultsHandler.swift */,
			);
			path = Helper;
			sourceTree = "<group>";
		};
		144253FB2930EC17001C06FE /* Controller */ = {
			isa = PBXGroup;
			children = (
				1442540029311982001C06FE /* WebViews */,
			);
			path = Controller;
			sourceTree = "<group>";
		};
		1442540029311982001C06FE /* WebViews */ = {
			isa = PBXGroup;
			children = (
				144253FE29311964001C06FE /* WebView.swift */,
				1424F454292C1D5C00AF0012 /* WebViewController.swift */,
			);
			path = WebViews;
			sourceTree = "<group>";
		};
		14425401293119AA001C06FE /* View */ = {
			isa = PBXGroup;
			children = (
				1424F452292C19AF00AF0012 /* ContentView.swift */,
			);
			path = View;
			sourceTree = "<group>";
		};
		14DB9FCF291BED7D0021C1A5 = {
			isa = PBXGroup;
			children = (
				14DB9FDB291BED7D0021C1A5 /* cryptoWannabeSDK */,
				14DB9FE7291BED7D0021C1A5 /* cryptoWannabeSDKTests */,
				14DB9FF8291C19C30021C1A5 /* cryptoWannabeSDK EXAMPLES */,
				14DB9FDA291BED7D0021C1A5 /* Products */,
				1424F45A292CE91000AF0012 /* Frameworks */,
			);
			sourceTree = "<group>";
		};
		14DB9FDA291BED7D0021C1A5 /* Products */ = {
			isa = PBXGroup;
			children = (
				14DB9FD9291BED7D0021C1A5 /* CryptoWannabeSDK.framework */,
				14DB9FE3291BED7D0021C1A5 /* CryptoWannabeSDKTests.xctest */,
				14DB9FF7291C19C30021C1A5 /* CryptoWannabeSDK EXAMPLES.app */,
			);
			name = Products;
			sourceTree = "<group>";
		};
		14DB9FDB291BED7D0021C1A5 /* cryptoWannabeSDK */ = {
			isa = PBXGroup;
			children = (
				1424F45E292CE9F900AF0012 /* Wallet */,
				1424F456292C240E00AF0012 /* AppDelegate.swift */,
				14425401293119AA001C06FE /* View */,
				14DBA005291C21400021C1A5 /* CryptoWannabeSDK.swift */,
				14DB9FDC291BED7D0021C1A5 /* cryptoWannabeSDK.h */,
				14DB9FDD291BED7D0021C1A5 /* cryptoWannabeSDK.docc */,
			);
			path = cryptoWannabeSDK;
			sourceTree = "<group>";
		};
		14DB9FE7291BED7D0021C1A5 /* cryptoWannabeSDKTests */ = {
			isa = PBXGroup;
			children = (
				14DB9FE8291BED7D0021C1A5 /* cryptoWannabeSDKTests.swift */,
			);
			path = cryptoWannabeSDKTests;
			sourceTree = "<group>";
		};
		14DB9FF8291C19C30021C1A5 /* cryptoWannabeSDK EXAMPLES */ = {
			isa = PBXGroup;
			children = (
				1424F44B292C0B4F00AF0012 /* cryptoWannabeSDK EXAMPLES.entitlements */,
				14DB9FF9291C19C30021C1A5 /* cryptoWannabeSDK_EXAMPLESApp.swift */,
				14DB9FFB291C19C30021C1A5 /* ContentView.swift */,
				14DB9FFD291C19C40021C1A5 /* Assets.xcassets */,
				14DB9FFF291C19C40021C1A5 /* Preview Content */,
			);
			path = "cryptoWannabeSDK EXAMPLES";
			sourceTree = "<group>";
		};
		14DB9FFF291C19C40021C1A5 /* Preview Content */ = {
			isa = PBXGroup;
			children = (
				14DBA000291C19C40021C1A5 /* Preview Assets.xcassets */,
			);
			path = "Preview Content";
			sourceTree = "<group>";
		};
		14FCABD4292CFBFB00AD8B49 /* MetaData */ = {
			isa = PBXGroup;
			children = (
				14FCABD5292CFC2900AD8B49 /* Profile.swift */,
				142ED35D293708D000803A85 /* Profile Model */,
			);
			path = MetaData;
			sourceTree = "<group>";
		};
/* End PBXGroup section */

/* Begin PBXHeadersBuildPhase section */
		14DB9FD4291BED7D0021C1A5 /* Headers */ = {
			isa = PBXHeadersBuildPhase;
			buildActionMask = 2147483647;
			files = (
				14DB9FEA291BED7D0021C1A5 /* cryptoWannabeSDK.h in Headers */,
			);
			runOnlyForDeploymentPostprocessing = 0;
		};
/* End PBXHeadersBuildPhase section */

/* Begin PBXNativeTarget section */
		14DB9FD8291BED7D0021C1A5 /* CryptoWannabeSDK */ = {
			isa = PBXNativeTarget;
			buildConfigurationList = 14DB9FED291BED7D0021C1A5 /* Build configuration list for PBXNativeTarget "CryptoWannabeSDK" */;
			buildPhases = (
				14DB9FD4291BED7D0021C1A5 /* Headers */,
				14DB9FD5291BED7D0021C1A5 /* Sources */,
				14DB9FD6291BED7D0021C1A5 /* Frameworks */,
				14DB9FD7291BED7D0021C1A5 /* Resources */,
			);
			buildRules = (
			);
			dependencies = (
			);
			name = CryptoWannabeSDK;
			productName = "iOS-SDK";
			productReference = 14DB9FD9291BED7D0021C1A5 /* CryptoWannabeSDK.framework */;
			productType = "com.apple.product-type.framework";
		};
		14DB9FE2291BED7D0021C1A5 /* CryptoWannabeSDKTests */ = {
			isa = PBXNativeTarget;
			buildConfigurationList = 14DB9FF0291BED7D0021C1A5 /* Build configuration list for PBXNativeTarget "CryptoWannabeSDKTests" */;
			buildPhases = (
				14DB9FDF291BED7D0021C1A5 /* Sources */,
				14DB9FE0291BED7D0021C1A5 /* Frameworks */,
				14DB9FE1291BED7D0021C1A5 /* Resources */,
			);
			buildRules = (
			);
			dependencies = (
				14DB9FE6291BED7D0021C1A5 /* PBXTargetDependency */,
				1427EC772949105E00D48424 /* PBXTargetDependency */,
			);
			name = CryptoWannabeSDKTests;
			productName = "iOS-SDKTests";
			productReference = 14DB9FE3291BED7D0021C1A5 /* CryptoWannabeSDKTests.xctest */;
			productType = "com.apple.product-type.bundle.unit-test";
		};
		14DB9FF6291C19C30021C1A5 /* CryptoWannabeSDK EXAMPLES */ = {
			isa = PBXNativeTarget;
			buildConfigurationList = 14DBA002291C19C40021C1A5 /* Build configuration list for PBXNativeTarget "CryptoWannabeSDK EXAMPLES" */;
			buildPhases = (
				14DB9FF3291C19C30021C1A5 /* Sources */,
				14DB9FF4291C19C30021C1A5 /* Frameworks */,
				14DB9FF5291C19C30021C1A5 /* Resources */,
				1427EC7C294911A900D48424 /* Embed Frameworks */,
			);
			buildRules = (
			);
			dependencies = (
				1427EC7B294911A900D48424 /* PBXTargetDependency */,
			);
			name = "CryptoWannabeSDK EXAMPLES";
			productName = "iOS-SDK EXAMPLES";
			productReference = 14DB9FF7291C19C30021C1A5 /* CryptoWannabeSDK EXAMPLES.app */;
			productType = "com.apple.product-type.application";
		};
/* End PBXNativeTarget section */

/* Begin PBXProject section */
		14DB9FD0291BED7D0021C1A5 /* Project object */ = {
			isa = PBXProject;
			attributes = {
				BuildIndependentTargetsInParallel = 1;
				LastSwiftUpdateCheck = 1410;
				LastUpgradeCheck = 1410;
				TargetAttributes = {
					14DB9FD8291BED7D0021C1A5 = {
						CreatedOnToolsVersion = 14.1;
					};
					14DB9FE2291BED7D0021C1A5 = {
						CreatedOnToolsVersion = 14.1;
						TestTargetID = 14DB9FF6291C19C30021C1A5;
					};
					14DB9FF6291C19C30021C1A5 = {
						CreatedOnToolsVersion = 14.1;
					};
				};
			};
			buildConfigurationList = 14DB9FD3291BED7D0021C1A5 /* Build configuration list for PBXProject "CryptoWannabeSDK" */;
			compatibilityVersion = "Xcode 14.0";
			developmentRegion = en;
			hasScannedForEncodings = 0;
			knownRegions = (
				en,
				Base,
			);
			mainGroup = 14DB9FCF291BED7D0021C1A5;
			productRefGroup = 14DB9FDA291BED7D0021C1A5 /* Products */;
			projectDirPath = "";
			projectRoot = "";
			targets = (
				14DB9FD8291BED7D0021C1A5 /* CryptoWannabeSDK */,
				14DB9FF6291C19C30021C1A5 /* CryptoWannabeSDK EXAMPLES */,
				14DB9FE2291BED7D0021C1A5 /* CryptoWannabeSDKTests */,
			);
		};
/* End PBXProject section */

/* Begin PBXResourcesBuildPhase section */
		14DB9FD7291BED7D0021C1A5 /* Resources */ = {
			isa = PBXResourcesBuildPhase;
			buildActionMask = 2147483647;
			files = (
			);
			runOnlyForDeploymentPostprocessing = 0;
		};
		14DB9FE1291BED7D0021C1A5 /* Resources */ = {
			isa = PBXResourcesBuildPhase;
			buildActionMask = 2147483647;
			files = (
			);
			runOnlyForDeploymentPostprocessing = 0;
		};
		14DB9FF5291C19C30021C1A5 /* Resources */ = {
			isa = PBXResourcesBuildPhase;
			buildActionMask = 2147483647;
			files = (
				14DBA001291C19C40021C1A5 /* Preview Assets.xcassets in Resources */,
				14DB9FFE291C19C40021C1A5 /* Assets.xcassets in Resources */,
			);
			runOnlyForDeploymentPostprocessing = 0;
		};
/* End PBXResourcesBuildPhase section */

/* Begin PBXSourcesBuildPhase section */
		14DB9FD5291BED7D0021C1A5 /* Sources */ = {
			isa = PBXSourcesBuildPhase;
			buildActionMask = 2147483647;
			files = (
				1424F455292C1D5C00AF0012 /* WebViewController.swift in Sources */,
				14089346292DA6150085F8ED /* WalletMetadataResponse.swift in Sources */,
				1436BBB22947446500870C8D /* LoginResponse.swift in Sources */,
				14FCABD6292CFC2900AD8B49 /* Profile.swift in Sources */,
				1424F462292CEAF300AF0012 /* UserDefaultsHandler.swift in Sources */,
				144CBBA5292F87AA000D43F1 /* WalletService.swift in Sources */,
				1424F453292C19AF00AF0012 /* ContentView.swift in Sources */,
				1424F457292C240E00AF0012 /* AppDelegate.swift in Sources */,
				143535082939671D00CE8FC9 /* TokenResponse.swift in Sources */,
				14FCABD8292CFE8B00AD8B49 /* AppsMeta.swift in Sources */,
				14DBA006291C21400021C1A5 /* CryptoWannabeSDK.swift in Sources */,
				1419488B29485B6400E53510 /* LoginExample.swift in Sources */,
				1435350429395C2900CE8FC9 /* TokenService.swift in Sources */,
				1408934A292DA8500085F8ED /* App.swift in Sources */,
				1408934E292DAA550085F8ED /* STXAddress.swift in Sources */,
				141948892947AE1000E53510 /* NetworkResult.swift in Sources */,
				1408934C292DAA250085F8ED /* HTTP.swift in Sources */,
				1424F464292CEC9C00AF0012 /* Status.swift in Sources */,
				1435350A2939672500CE8FC9 /* TokenDataModel.swift in Sources */,
				14305BCF294287CC003E5468 /* LoginService.swift in Sources */,
				144253FF29311964001C06FE /* WebView.swift in Sources */,
				14DB9FDE291BED7D0021C1A5 /* cryptoWannabeSDK.docc in Sources */,
				1424F460292CEA8900AF0012 /* WalletMetadata.swift in Sources */,
				1424F469292CED6B00AF0012 /* Method.swift in Sources */,
			);
			runOnlyForDeploymentPostprocessing = 0;
		};
		14DB9FDF291BED7D0021C1A5 /* Sources */ = {
			isa = PBXSourcesBuildPhase;
			buildActionMask = 2147483647;
			files = (
				14DB9FE9291BED7D0021C1A5 /* cryptoWannabeSDKTests.swift in Sources */,
			);
			runOnlyForDeploymentPostprocessing = 0;
		};
		14DB9FF3291C19C30021C1A5 /* Sources */ = {
			isa = PBXSourcesBuildPhase;
			buildActionMask = 2147483647;
			files = (
				14DB9FFC291C19C30021C1A5 /* ContentView.swift in Sources */,
				14DB9FFA291C19C30021C1A5 /* cryptoWannabeSDK_EXAMPLESApp.swift in Sources */,
			);
			runOnlyForDeploymentPostprocessing = 0;
		};
/* End PBXSourcesBuildPhase section */

/* Begin PBXTargetDependency section */
		1427EC772949105E00D48424 /* PBXTargetDependency */ = {
			isa = PBXTargetDependency;
			target = 14DB9FF6291C19C30021C1A5 /* CryptoWannabeSDK EXAMPLES */;
			targetProxy = 1427EC762949105E00D48424 /* PBXContainerItemProxy */;
		};
		1427EC7B294911A900D48424 /* PBXTargetDependency */ = {
			isa = PBXTargetDependency;
			target = 14DB9FD8291BED7D0021C1A5 /* CryptoWannabeSDK */;
			targetProxy = 1427EC7A294911A900D48424 /* PBXContainerItemProxy */;
		};
		14DB9FE6291BED7D0021C1A5 /* PBXTargetDependency */ = {
			isa = PBXTargetDependency;
			target = 14DB9FD8291BED7D0021C1A5 /* CryptoWannabeSDK */;
			targetProxy = 14DB9FE5291BED7D0021C1A5 /* PBXContainerItemProxy */;
		};
/* End PBXTargetDependency section */

/* Begin XCBuildConfiguration section */
		14DB9FEB291BED7D0021C1A5 /* Debug */ = {
			isa = XCBuildConfiguration;
			buildSettings = {
				ALWAYS_SEARCH_USER_PATHS = NO;
				CLANG_ANALYZER_NONNULL = YES;
				CLANG_ANALYZER_NUMBER_OBJECT_CONVERSION = YES_AGGRESSIVE;
				CLANG_CXX_LANGUAGE_STANDARD = "gnu++20";
				CLANG_ENABLE_MODULES = YES;
				CLANG_ENABLE_OBJC_ARC = YES;
				CLANG_ENABLE_OBJC_WEAK = YES;
				CLANG_WARN_BLOCK_CAPTURE_AUTORELEASING = YES;
				CLANG_WARN_BOOL_CONVERSION = YES;
				CLANG_WARN_COMMA = YES;
				CLANG_WARN_CONSTANT_CONVERSION = YES;
				CLANG_WARN_DEPRECATED_OBJC_IMPLEMENTATIONS = YES;
				CLANG_WARN_DIRECT_OBJC_ISA_USAGE = YES_ERROR;
				CLANG_WARN_DOCUMENTATION_COMMENTS = YES;
				CLANG_WARN_EMPTY_BODY = YES;
				CLANG_WARN_ENUM_CONVERSION = YES;
				CLANG_WARN_INFINITE_RECURSION = YES;
				CLANG_WARN_INT_CONVERSION = YES;
				CLANG_WARN_NON_LITERAL_NULL_CONVERSION = YES;
				CLANG_WARN_OBJC_IMPLICIT_RETAIN_SELF = YES;
				CLANG_WARN_OBJC_LITERAL_CONVERSION = YES;
				CLANG_WARN_OBJC_ROOT_CLASS = YES_ERROR;
				CLANG_WARN_QUOTED_INCLUDE_IN_FRAMEWORK_HEADER = YES;
				CLANG_WARN_RANGE_LOOP_ANALYSIS = YES;
				CLANG_WARN_STRICT_PROTOTYPES = YES;
				CLANG_WARN_SUSPICIOUS_MOVE = YES;
				CLANG_WARN_UNGUARDED_AVAILABILITY = YES_AGGRESSIVE;
				CLANG_WARN_UNREACHABLE_CODE = YES;
				CLANG_WARN__DUPLICATE_METHOD_MATCH = YES;
				COPY_PHASE_STRIP = NO;
				CURRENT_PROJECT_VERSION = 1;
				DEBUG_INFORMATION_FORMAT = dwarf;
				ENABLE_STRICT_OBJC_MSGSEND = YES;
				ENABLE_TESTABILITY = YES;
				GCC_C_LANGUAGE_STANDARD = gnu11;
				GCC_DYNAMIC_NO_PIC = NO;
				GCC_NO_COMMON_BLOCKS = YES;
				GCC_OPTIMIZATION_LEVEL = 0;
				GCC_PREPROCESSOR_DEFINITIONS = (
					"DEBUG=1",
					"$(inherited)",
				);
				GCC_WARN_64_TO_32_BIT_CONVERSION = YES;
				GCC_WARN_ABOUT_RETURN_TYPE = YES_ERROR;
				GCC_WARN_UNDECLARED_SELECTOR = YES;
				GCC_WARN_UNINITIALIZED_AUTOS = YES_AGGRESSIVE;
				GCC_WARN_UNUSED_FUNCTION = YES;
				GCC_WARN_UNUSED_VARIABLE = YES;
				GENERATE_INFOPLIST_FILE = YES;
				INFOPLIST_FILE = /Users/michalfereniec/Desktop/Coding/cryptoWannabeSDK/cryptoWannabeSDK/Info.plist;
				IPHONEOS_DEPLOYMENT_TARGET = 14.0;
				MACOSX_DEPLOYMENT_TARGET = 12.4;
				MTL_ENABLE_DEBUG_INFO = INCLUDE_SOURCE;
				MTL_FAST_MATH = YES;
				ONLY_ACTIVE_ARCH = YES;
				SWIFT_ACTIVE_COMPILATION_CONDITIONS = DEBUG;
				SWIFT_OPTIMIZATION_LEVEL = "-Onone";
				VERSIONING_SYSTEM = "apple-generic";
				VERSION_INFO_PREFIX = "";
			};
			name = Debug;
		};
		14DB9FEC291BED7D0021C1A5 /* Release */ = {
			isa = XCBuildConfiguration;
			buildSettings = {
				ALWAYS_SEARCH_USER_PATHS = NO;
				CLANG_ANALYZER_NONNULL = YES;
				CLANG_ANALYZER_NUMBER_OBJECT_CONVERSION = YES_AGGRESSIVE;
				CLANG_CXX_LANGUAGE_STANDARD = "gnu++20";
				CLANG_ENABLE_MODULES = YES;
				CLANG_ENABLE_OBJC_ARC = YES;
				CLANG_ENABLE_OBJC_WEAK = YES;
				CLANG_WARN_BLOCK_CAPTURE_AUTORELEASING = YES;
				CLANG_WARN_BOOL_CONVERSION = YES;
				CLANG_WARN_COMMA = YES;
				CLANG_WARN_CONSTANT_CONVERSION = YES;
				CLANG_WARN_DEPRECATED_OBJC_IMPLEMENTATIONS = YES;
				CLANG_WARN_DIRECT_OBJC_ISA_USAGE = YES_ERROR;
				CLANG_WARN_DOCUMENTATION_COMMENTS = YES;
				CLANG_WARN_EMPTY_BODY = YES;
				CLANG_WARN_ENUM_CONVERSION = YES;
				CLANG_WARN_INFINITE_RECURSION = YES;
				CLANG_WARN_INT_CONVERSION = YES;
				CLANG_WARN_NON_LITERAL_NULL_CONVERSION = YES;
				CLANG_WARN_OBJC_IMPLICIT_RETAIN_SELF = YES;
				CLANG_WARN_OBJC_LITERAL_CONVERSION = YES;
				CLANG_WARN_OBJC_ROOT_CLASS = YES_ERROR;
				CLANG_WARN_QUOTED_INCLUDE_IN_FRAMEWORK_HEADER = YES;
				CLANG_WARN_RANGE_LOOP_ANALYSIS = YES;
				CLANG_WARN_STRICT_PROTOTYPES = YES;
				CLANG_WARN_SUSPICIOUS_MOVE = YES;
				CLANG_WARN_UNGUARDED_AVAILABILITY = YES_AGGRESSIVE;
				CLANG_WARN_UNREACHABLE_CODE = YES;
				CLANG_WARN__DUPLICATE_METHOD_MATCH = YES;
				COPY_PHASE_STRIP = NO;
				CURRENT_PROJECT_VERSION = 1;
				DEBUG_INFORMATION_FORMAT = "dwarf-with-dsym";
				ENABLE_NS_ASSERTIONS = NO;
				ENABLE_STRICT_OBJC_MSGSEND = YES;
				GCC_C_LANGUAGE_STANDARD = gnu11;
				GCC_NO_COMMON_BLOCKS = YES;
				GCC_WARN_64_TO_32_BIT_CONVERSION = YES;
				GCC_WARN_ABOUT_RETURN_TYPE = YES_ERROR;
				GCC_WARN_UNDECLARED_SELECTOR = YES;
				GCC_WARN_UNINITIALIZED_AUTOS = YES_AGGRESSIVE;
				GCC_WARN_UNUSED_FUNCTION = YES;
				GCC_WARN_UNUSED_VARIABLE = YES;
				GENERATE_INFOPLIST_FILE = YES;
				INFOPLIST_FILE = /Users/michalfereniec/Desktop/Coding/cryptoWannabeSDK/cryptoWannabeSDK/Info.plist;
				IPHONEOS_DEPLOYMENT_TARGET = 14.0;
				MACOSX_DEPLOYMENT_TARGET = 12.4;
				MTL_ENABLE_DEBUG_INFO = NO;
				MTL_FAST_MATH = YES;
				SWIFT_COMPILATION_MODE = wholemodule;
				SWIFT_OPTIMIZATION_LEVEL = "-O";
				VERSIONING_SYSTEM = "apple-generic";
				VERSION_INFO_PREFIX = "";
			};
			name = Release;
		};
		14DB9FEE291BED7D0021C1A5 /* Debug */ = {
			isa = XCBuildConfiguration;
			buildSettings = {
				CODE_SIGN_IDENTITY = "Apple Development";
				"CODE_SIGN_IDENTITY[sdk=macosx*]" = "Apple Development";
				CODE_SIGN_STYLE = Automatic;
				CURRENT_PROJECT_VERSION = 1;
				DEFINES_MODULE = YES;
				DEVELOPMENT_TEAM = Q9GMKCF5AD;
				DYLIB_COMPATIBILITY_VERSION = 1;
				DYLIB_CURRENT_VERSION = 1;
				DYLIB_INSTALL_NAME_BASE = "@rpath";
				GENERATE_INFOPLIST_FILE = YES;
				INFOPLIST_FILE = "";
				"INFOPLIST_FILE[sdk=*]" = "";
				INFOPLIST_KEY_CFBundleDisplayName = "";
				INFOPLIST_KEY_LSApplicationCategoryType = "public.app-category.games";
				INFOPLIST_KEY_NSHumanReadableCopyright = "";
				INSTALL_PATH = "$(LOCAL_LIBRARY_DIR)/Frameworks";
				IPHONEOS_DEPLOYMENT_TARGET = 15.0;
				LD_RUNPATH_SEARCH_PATHS = (
					"@executable_path/Frameworks",
					"@loader_path/Frameworks",
				);
				"LD_RUNPATH_SEARCH_PATHS[sdk=macosx*]" = (
					"@executable_path/../Frameworks",
					"@loader_path/Frameworks",
				);
				MACOSX_DEPLOYMENT_TARGET = 12.0;
				MARKETING_VERSION = 1.0;
				PRODUCT_BUNDLE_IDENTIFIER = "Wannabe.iOS-SDK";
				PRODUCT_NAME = "$(TARGET_NAME:c99extidentifier)";
				SDKROOT = auto;
				SKIP_INSTALL = YES;
				SUPPORTED_PLATFORMS = "iphoneos iphonesimulator";
				SUPPORTS_MACCATALYST = NO;
				SUPPORTS_MAC_DESIGNED_FOR_IPHONE_IPAD = NO;
				SWIFT_EMIT_LOC_STRINGS = YES;
				SWIFT_VERSION = 5.0;
				TARGETED_DEVICE_FAMILY = "1,2";
			};
			name = Debug;
		};
		14DB9FEF291BED7D0021C1A5 /* Release */ = {
			isa = XCBuildConfiguration;
			buildSettings = {
				CODE_SIGN_IDENTITY = "Apple Development";
				"CODE_SIGN_IDENTITY[sdk=macosx*]" = "Apple Development";
				CODE_SIGN_STYLE = Automatic;
				CURRENT_PROJECT_VERSION = 1;
				DEFINES_MODULE = YES;
				DEVELOPMENT_TEAM = Q9GMKCF5AD;
				DYLIB_COMPATIBILITY_VERSION = 1;
				DYLIB_CURRENT_VERSION = 1;
				DYLIB_INSTALL_NAME_BASE = "@rpath";
				GENERATE_INFOPLIST_FILE = YES;
				INFOPLIST_FILE = "";
				"INFOPLIST_FILE[sdk=*]" = "";
				INFOPLIST_KEY_CFBundleDisplayName = "";
				INFOPLIST_KEY_LSApplicationCategoryType = "public.app-category.games";
				INFOPLIST_KEY_NSHumanReadableCopyright = "";
				INSTALL_PATH = "$(LOCAL_LIBRARY_DIR)/Frameworks";
				IPHONEOS_DEPLOYMENT_TARGET = 15.0;
				LD_RUNPATH_SEARCH_PATHS = (
					"@executable_path/Frameworks",
					"@loader_path/Frameworks",
				);
				"LD_RUNPATH_SEARCH_PATHS[sdk=macosx*]" = (
					"@executable_path/../Frameworks",
					"@loader_path/Frameworks",
				);
				MACOSX_DEPLOYMENT_TARGET = 12.0;
				MARKETING_VERSION = 1.0;
				PRODUCT_BUNDLE_IDENTIFIER = "Wannabe.iOS-SDK";
				PRODUCT_NAME = "$(TARGET_NAME:c99extidentifier)";
				SDKROOT = auto;
				SKIP_INSTALL = YES;
				SUPPORTED_PLATFORMS = "iphoneos iphonesimulator";
				SUPPORTS_MACCATALYST = NO;
				SUPPORTS_MAC_DESIGNED_FOR_IPHONE_IPAD = NO;
				SWIFT_EMIT_LOC_STRINGS = YES;
				SWIFT_VERSION = 5.0;
				TARGETED_DEVICE_FAMILY = "1,2";
			};
			name = Release;
		};
		14DB9FF1291BED7D0021C1A5 /* Debug */ = {
			isa = XCBuildConfiguration;
			buildSettings = {
				ALWAYS_EMBED_SWIFT_STANDARD_LIBRARIES = YES;
				"CODE_SIGN_IDENTITY[sdk=macosx*]" = "Apple Development";
				CODE_SIGN_STYLE = Automatic;
				CURRENT_PROJECT_VERSION = 1;
				DEVELOPMENT_TEAM = Q9GMKCF5AD;
				GENERATE_INFOPLIST_FILE = YES;
				IPHONEOS_DEPLOYMENT_TARGET = 15.0;
				MACOSX_DEPLOYMENT_TARGET = 12.6;
				PRODUCT_BUNDLE_IDENTIFIER = "Wannabe.iOS-SDKTests";
				PRODUCT_NAME = "$(TARGET_NAME)";
				SDKROOT = auto;
				SUPPORTED_PLATFORMS = "iphoneos iphonesimulator macosx";
				SWIFT_EMIT_LOC_STRINGS = NO;
				SWIFT_VERSION = 5.0;
				TARGETED_DEVICE_FAMILY = "1,2";
				TEST_HOST = "$(BUILT_PRODUCTS_DIR)/CryptoWannabeSDK EXAMPLES.app/$(BUNDLE_EXECUTABLE_FOLDER_PATH)/CryptoWannabeSDK EXAMPLES";
			};
			name = Debug;
		};
		14DB9FF2291BED7D0021C1A5 /* Release */ = {
			isa = XCBuildConfiguration;
			buildSettings = {
				ALWAYS_EMBED_SWIFT_STANDARD_LIBRARIES = YES;
				"CODE_SIGN_IDENTITY[sdk=macosx*]" = "Apple Development";
				CODE_SIGN_STYLE = Automatic;
				CURRENT_PROJECT_VERSION = 1;
				DEVELOPMENT_TEAM = Q9GMKCF5AD;
				GENERATE_INFOPLIST_FILE = YES;
				IPHONEOS_DEPLOYMENT_TARGET = 15.0;
				MACOSX_DEPLOYMENT_TARGET = 12.6;
				MARKETING_VERSION = 1.0;
				PRODUCT_BUNDLE_IDENTIFIER = "Wannabe.iOS-SDKTests";
				PRODUCT_NAME = "$(TARGET_NAME)";
				SDKROOT = auto;
				SUPPORTED_PLATFORMS = "iphoneos iphonesimulator macosx";
				SWIFT_EMIT_LOC_STRINGS = NO;
				SWIFT_VERSION = 5.0;
				TARGETED_DEVICE_FAMILY = "1,2";
				TEST_HOST = "$(BUILT_PRODUCTS_DIR)/CryptoWannabeSDK EXAMPLES.app/$(BUNDLE_EXECUTABLE_FOLDER_PATH)/CryptoWannabeSDK EXAMPLES";
			};
			name = Release;
		};
		14DBA003291C19C40021C1A5 /* Debug */ = {
			isa = XCBuildConfiguration;
			buildSettings = {
				ASSETCATALOG_COMPILER_APPICON_NAME = AppIcon;
				ASSETCATALOG_COMPILER_GLOBAL_ACCENT_COLOR_NAME = AccentColor;
				CODE_SIGN_ENTITLEMENTS = "cryptoWannabeSDK EXAMPLES/cryptoWannabeSDK EXAMPLES.entitlements";
				CODE_SIGN_STYLE = Automatic;
				CURRENT_PROJECT_VERSION = 1;
				DEVELOPMENT_ASSET_PATHS = "\"cryptoWannabeSDK EXAMPLES/Preview Content\"";
				DEVELOPMENT_TEAM = Q9GMKCF5AD;
				ENABLE_PREVIEWS = YES;
				GENERATE_INFOPLIST_FILE = YES;
				INFOPLIST_FILE = "";
				INFOPLIST_KEY_UIApplicationSceneManifest_Generation = YES;
				INFOPLIST_KEY_UIApplicationSupportsIndirectInputEvents = YES;
				INFOPLIST_KEY_UILaunchScreen_Generation = YES;
				INFOPLIST_KEY_UISupportedInterfaceOrientations_iPad = "UIInterfaceOrientationPortrait UIInterfaceOrientationPortraitUpsideDown UIInterfaceOrientationLandscapeLeft UIInterfaceOrientationLandscapeRight";
				INFOPLIST_KEY_UISupportedInterfaceOrientations_iPhone = "UIInterfaceOrientationPortrait UIInterfaceOrientationLandscapeLeft UIInterfaceOrientationLandscapeRight";
				IPHONEOS_DEPLOYMENT_TARGET = 15.0;
				LD_RUNPATH_SEARCH_PATHS = (
					"$(inherited)",
					"@executable_path/Frameworks",
				);
				MARKETING_VERSION = 1.0;
				NEW_SETTING = "";
				PRODUCT_BUNDLE_IDENTIFIER = "Wannabe.iOS-SDK-EXAMPLES";
				PRODUCT_NAME = "$(TARGET_NAME)";
				SDKROOT = iphoneos;
				SWIFT_EMIT_LOC_STRINGS = YES;
				SWIFT_VERSION = 5.0;
				TARGETED_DEVICE_FAMILY = "1,2";
			};
			name = Debug;
		};
		14DBA004291C19C40021C1A5 /* Release */ = {
			isa = XCBuildConfiguration;
			buildSettings = {
				ASSETCATALOG_COMPILER_APPICON_NAME = AppIcon;
				ASSETCATALOG_COMPILER_GLOBAL_ACCENT_COLOR_NAME = AccentColor;
				CODE_SIGN_ENTITLEMENTS = "cryptoWannabeSDK EXAMPLES/cryptoWannabeSDK EXAMPLES.entitlements";
				CODE_SIGN_STYLE = Automatic;
				CURRENT_PROJECT_VERSION = 1;
				DEVELOPMENT_ASSET_PATHS = "\"cryptoWannabeSDK EXAMPLES/Preview Content\"";
				DEVELOPMENT_TEAM = Q9GMKCF5AD;
				ENABLE_PREVIEWS = YES;
				GENERATE_INFOPLIST_FILE = YES;
				INFOPLIST_FILE = "";
				INFOPLIST_KEY_UIApplicationSceneManifest_Generation = YES;
				INFOPLIST_KEY_UIApplicationSupportsIndirectInputEvents = YES;
				INFOPLIST_KEY_UILaunchScreen_Generation = YES;
				INFOPLIST_KEY_UISupportedInterfaceOrientations_iPad = "UIInterfaceOrientationPortrait UIInterfaceOrientationPortraitUpsideDown UIInterfaceOrientationLandscapeLeft UIInterfaceOrientationLandscapeRight";
				INFOPLIST_KEY_UISupportedInterfaceOrientations_iPhone = "UIInterfaceOrientationPortrait UIInterfaceOrientationLandscapeLeft UIInterfaceOrientationLandscapeRight";
				IPHONEOS_DEPLOYMENT_TARGET = 15.0;
				LD_RUNPATH_SEARCH_PATHS = (
					"$(inherited)",
					"@executable_path/Frameworks",
				);
				MARKETING_VERSION = 1.0;
				NEW_SETTING = "";
				PRODUCT_BUNDLE_IDENTIFIER = "Wannabe.iOS-SDK-EXAMPLES";
				PRODUCT_NAME = "$(TARGET_NAME)";
				SDKROOT = iphoneos;
				SWIFT_EMIT_LOC_STRINGS = YES;
				SWIFT_VERSION = 5.0;
				TARGETED_DEVICE_FAMILY = "1,2";
				VALIDATE_PRODUCT = YES;
			};
			name = Release;
		};
/* End XCBuildConfiguration section */

/* Begin XCConfigurationList section */
		14DB9FD3291BED7D0021C1A5 /* Build configuration list for PBXProject "CryptoWannabeSDK" */ = {
			isa = XCConfigurationList;
			buildConfigurations = (
				14DB9FEB291BED7D0021C1A5 /* Debug */,
				14DB9FEC291BED7D0021C1A5 /* Release */,
			);
			defaultConfigurationIsVisible = 0;
			defaultConfigurationName = Release;
		};
		14DB9FED291BED7D0021C1A5 /* Build configuration list for PBXNativeTarget "CryptoWannabeSDK" */ = {
			isa = XCConfigurationList;
			buildConfigurations = (
				14DB9FEE291BED7D0021C1A5 /* Debug */,
				14DB9FEF291BED7D0021C1A5 /* Release */,
			);
			defaultConfigurationIsVisible = 0;
			defaultConfigurationName = Release;
		};
		14DB9FF0291BED7D0021C1A5 /* Build configuration list for PBXNativeTarget "CryptoWannabeSDKTests" */ = {
			isa = XCConfigurationList;
			buildConfigurations = (
				14DB9FF1291BED7D0021C1A5 /* Debug */,
				14DB9FF2291BED7D0021C1A5 /* Release */,
			);
			defaultConfigurationIsVisible = 0;
			defaultConfigurationName = Release;
		};
		14DBA002291C19C40021C1A5 /* Build configuration list for PBXNativeTarget "CryptoWannabeSDK EXAMPLES" */ = {
			isa = XCConfigurationList;
			buildConfigurations = (
				14DBA003291C19C40021C1A5 /* Debug */,
				14DBA004291C19C40021C1A5 /* Release */,
			);
			defaultConfigurationIsVisible = 0;
			defaultConfigurationName = Release;
		};
/* End XCConfigurationList section */
	};
	rootObject = 14DB9FD0291BED7D0021C1A5 /* Project object */;
}
